// !$*UTF8*$!
{
	archiveVersion = 1;
	classes = {
	};
	objectVersion = 56;
	objects = {

/* Begin PBXBuildFile section */
		051696002EE0A7330017DCC8 /* Friend.swift in Sources */ = {isa = PBXBuildFile; fileRef = 051695FF2EE0A72E0017DCC8 /* Friend.swift */; };
		051696022EE0A7680017DCC8 /* LocationManager.swift in Sources */ = {isa = PBXBuildFile; fileRef = 051696012EE0A7660017DCC8 /* LocationManager.swift */; };
		051696042EE0A7960017DCC8 /* FriendMarkerView.swift in Sources */ = {isa = PBXBuildFile; fileRef = 051696032EE0A7940017DCC8 /* FriendMarkerView.swift */; };
		051696062EE0A7BF0017DCC8 /* MapView.swift in Sources */ = {isa = PBXBuildFile; fileRef = 051696052EE0A7BA0017DCC8 /* MapView.swift */; };
		051696082EE0ACE20017DCC8 /* FriendDetailCard.swift in Sources */ = {isa = PBXBuildFile; fileRef = 051696072EE0ACE20017DCC8 /* FriendDetailCard.swift */; };
		0516960A2EE195660017DCC8 /* FriendAvatar.swift in Sources */ = {isa = PBXBuildFile; fileRef = 051696092EE195590017DCC8 /* FriendAvatar.swift */; };
		056D91162F1E0C290005D7DC /* LikeButtons.swift in Sources */ = {isa = PBXBuildFile; fileRef = 056D91152F1E0C230005D7DC /* LikeButtons.swift */; };
		059799FE2F06587500905892 /* ProductionButtonShowcaseView.swift in Sources */ = {isa = PBXBuildFile; fileRef = 059799FD2F06586000905892 /* ProductionButtonShowcaseView.swift */; };
		05979A002F065A5200905892 /* ButtonStyles.swift in Sources */ = {isa = PBXBuildFile; fileRef = 059799FF2F065A4D00905892 /* ButtonStyles.swift */; };
		05979A022F065DD100905892 /* ButtonShowcaseView.swift in Sources */ = {isa = PBXBuildFile; fileRef = 05979A012F065DAE00905892 /* ButtonShowcaseView.swift */; };
		05F7E1ED2EE22F3D0070EE3A /* BottomSheet.swift in Sources */ = {isa = PBXBuildFile; fileRef = 05F7E1EC2EE22F2A0070EE3A /* BottomSheet.swift */; };
		C80B1C362C6646FA002ED295 /* SwiftUI_TopicsApp.swift in Sources */ = {isa = PBXBuildFile; fileRef = C80B1C352C6646FA002ED295 /* SwiftUI_TopicsApp.swift */; };
		C80B1C382C6646FA002ED295 /* ContentView.swift in Sources */ = {isa = PBXBuildFile; fileRef = C80B1C372C6646FA002ED295 /* ContentView.swift */; };
		C80B1C3A2C6646FE002ED295 /* Assets.xcassets in Resources */ = {isa = PBXBuildFile; fileRef = C80B1C392C6646FE002ED295 /* Assets.xcassets */; };
		C80B1C3D2C6646FE002ED295 /* Preview Assets.xcassets in Resources */ = {isa = PBXBuildFile; fileRef = C80B1C3C2C6646FE002ED295 /* Preview Assets.xcassets */; };
		C80B1C452C66474B002ED295 /* BlendModeView.swift in Sources */ = {isa = PBXBuildFile; fileRef = C80B1C442C66474B002ED295 /* BlendModeView.swift */; };
		C8808DC22C669DD3003641DF /* ExperimentUIView.swift in Sources */ = {isa = PBXBuildFile; fileRef = C8808DC12C669DD3003641DF /* ExperimentUIView.swift */; };
		C8B046AE2DBE38E50088D969 /* GridView.swift in Sources */ = {isa = PBXBuildFile; fileRef = C8B046AD2DBE38E50088D969 /* GridView.swift */; };
		C8B046B02DBE38F70088D969 /* GroupView.swift in Sources */ = {isa = PBXBuildFile; fileRef = C8B046AF2DBE38F70088D969 /* GroupView.swift */; };
/* End PBXBuildFile section */

/* Begin PBXFileReference section */
		051695FF2EE0A72E0017DCC8 /* Friend.swift */ = {isa = PBXFileReference; lastKnownFileType = sourcecode.swift; path = Friend.swift; sourceTree = "<group>"; };
		051696012EE0A7660017DCC8 /* LocationManager.swift */ = {isa = PBXFileReference; lastKnownFileType = sourcecode.swift; path = LocationManager.swift; sourceTree = "<group>"; };
		051696032EE0A7940017DCC8 /* FriendMarkerView.swift */ = {isa = PBXFileReference; lastKnownFileType = sourcecode.swift; path = FriendMarkerView.swift; sourceTree = "<group>"; };
		051696052EE0A7BA0017DCC8 /* MapView.swift */ = {isa = PBXFileReference; lastKnownFileType = sourcecode.swift; path = MapView.swift; sourceTree = "<group>"; };
		051696072EE0ACE20017DCC8 /* FriendDetailCard.swift */ = {isa = PBXFileReference; lastKnownFileType = sourcecode.swift; path = FriendDetailCard.swift; sourceTree = "<group>"; };
		051696092EE195590017DCC8 /* FriendAvatar.swift */ = {isa = PBXFileReference; lastKnownFileType = sourcecode.swift; path = FriendAvatar.swift; sourceTree = "<group>"; };
		0516960B2EE1B1F60017DCC8 /* SwiftUI-Topics-Info.plist */ = {isa = PBXFileReference; lastKnownFileType = text.plist.xml; path = "SwiftUI-Topics-Info.plist"; sourceTree = "<group>"; };
		056D91152F1E0C230005D7DC /* LikeButtons.swift */ = {isa = PBXFileReference; lastKnownFileType = sourcecode.swift; path = LikeButtons.swift; sourceTree = "<group>"; };
		059799FD2F06586000905892 /* ProductionButtonShowcaseView.swift */ = {isa = PBXFileReference; lastKnownFileType = sourcecode.swift; path = ProductionButtonShowcaseView.swift; sourceTree = "<group>"; };
		059799FF2F065A4D00905892 /* ButtonStyles.swift */ = {isa = PBXFileReference; lastKnownFileType = sourcecode.swift; path = ButtonStyles.swift; sourceTree = "<group>"; };
		05979A012F065DAE00905892 /* ButtonShowcaseView.swift */ = {isa = PBXFileReference; lastKnownFileType = sourcecode.swift; path = ButtonShowcaseView.swift; sourceTree = "<group>"; };
		05F7E1EC2EE22F2A0070EE3A /* BottomSheet.swift */ = {isa = PBXFileReference; lastKnownFileType = sourcecode.swift; path = BottomSheet.swift; sourceTree = "<group>"; };
		C80B1C322C6646FA002ED295 /* SwiftUI Topics.app */ = {isa = PBXFileReference; explicitFileType = wrapper.application; includeInIndex = 0; path = "SwiftUI Topics.app"; sourceTree = BUILT_PRODUCTS_DIR; };
		C80B1C352C6646FA002ED295 /* SwiftUI_TopicsApp.swift */ = {isa = PBXFileReference; lastKnownFileType = sourcecode.swift; path = SwiftUI_TopicsApp.swift; sourceTree = "<group>"; };
		C80B1C372C6646FA002ED295 /* ContentView.swift */ = {isa = PBXFileReference; lastKnownFileType = sourcecode.swift; path = ContentView.swift; sourceTree = "<group>"; };
		C80B1C392C6646FE002ED295 /* Assets.xcassets */ = {isa = PBXFileReference; lastKnownFileType = folder.assetcatalog; path = Assets.xcassets; sourceTree = "<group>"; };
		C80B1C3C2C6646FE002ED295 /* Preview Assets.xcassets */ = {isa = PBXFileReference; lastKnownFileType = folder.assetcatalog; path = "Preview Assets.xcassets"; sourceTree = "<group>"; };
		C80B1C442C66474B002ED295 /* BlendModeView.swift */ = {isa = PBXFileReference; lastKnownFileType = sourcecode.swift; path = BlendModeView.swift; sourceTree = "<group>"; };
		C8808DC12C669DD3003641DF /* ExperimentUIView.swift */ = {isa = PBXFileReference; lastKnownFileType = sourcecode.swift; path = ExperimentUIView.swift; sourceTree = "<group>"; };
		C8B046AD2DBE38E50088D969 /* GridView.swift */ = {isa = PBXFileReference; lastKnownFileType = sourcecode.swift; path = GridView.swift; sourceTree = "<group>"; };
		C8B046AF2DBE38F70088D969 /* GroupView.swift */ = {isa = PBXFileReference; lastKnownFileType = sourcecode.swift; path = GroupView.swift; sourceTree = "<group>"; };
/* End PBXFileReference section */

/* Begin PBXFrameworksBuildPhase section */
		C80B1C2F2C6646FA002ED295 /* Frameworks */ = {
			isa = PBXFrameworksBuildPhase;
			buildActionMask = 2147483647;
			files = (
			);
			runOnlyForDeploymentPostprocessing = 0;
		};
/* End PBXFrameworksBuildPhase section */

/* Begin PBXGroup section */
		051695FC2EE0A5A50017DCC8 /* App */ = {
			isa = PBXGroup;
			children = (
				C80B1C352C6646FA002ED295 /* SwiftUI_TopicsApp.swift */,
			);
			path = App;
			sourceTree = "<group>";
		};
		051695FD2EE0A61C0017DCC8 /* Maps */ = {
			isa = PBXGroup;
			children = (
				051696052EE0A7BA0017DCC8 /* MapView.swift */,
				051695FF2EE0A72E0017DCC8 /* Friend.swift */,
				051696092EE195590017DCC8 /* FriendAvatar.swift */,
				051696072EE0ACE20017DCC8 /* FriendDetailCard.swift */,
				051696032EE0A7940017DCC8 /* FriendMarkerView.swift */,
				051696012EE0A7660017DCC8 /* LocationManager.swift */,
			);
			path = Maps;
			sourceTree = "<group>";
		};
		059799FC2F06585800905892 /* Buttons */ = {
			isa = PBXGroup;
			children = (
				056D91152F1E0C230005D7DC /* LikeButtons.swift */,
				05979A012F065DAE00905892 /* ButtonShowcaseView.swift */,
				059799FF2F065A4D00905892 /* ButtonStyles.swift */,
				059799FD2F06586000905892 /* ProductionButtonShowcaseView.swift */,
			);
			path = Buttons;
			sourceTree = "<group>";
		};
		C80B1C292C6646FA002ED295 = {
			isa = PBXGroup;
			children = (
				0516960B2EE1B1F60017DCC8 /* SwiftUI-Topics-Info.plist */,
				C80B1C342C6646FA002ED295 /* SwiftUI Topics */,
				C80B1C332C6646FA002ED295 /* Products */,
			);
			sourceTree = "<group>";
		};
		C80B1C332C6646FA002ED295 /* Products */ = {
			isa = PBXGroup;
			children = (
				C80B1C322C6646FA002ED295 /* SwiftUI Topics.app */,
			);
			name = Products;
			sourceTree = "<group>";
		};
		C80B1C342C6646FA002ED295 /* SwiftUI Topics */ = {
			isa = PBXGroup;
			children = (
				051695FC2EE0A5A50017DCC8 /* App */,
				C80B1C432C664725002ED295 /* Views */,
				C8B046B22DBE3A330088D969 /* Resource */,
				C80B1C3B2C6646FE002ED295 /* Preview Content */,
				C8808DC12C669DD3003641DF /* ExperimentUIView.swift */,
			);
			path = "SwiftUI Topics";
			sourceTree = "<group>";
		};
		C80B1C3B2C6646FE002ED295 /* Preview Content */ = {
			isa = PBXGroup;
			children = (
				C80B1C3C2C6646FE002ED295 /* Preview Assets.xcassets */,
			);
			path = "Preview Content";
			sourceTree = "<group>";
		};
		C80B1C432C664725002ED295 /* Views */ = {
			isa = PBXGroup;
			children = (
				C8B046B12DBE39FA0088D969 /* Topics */,
				C80B1C372C6646FA002ED295 /* ContentView.swift */,
				C8B046AD2DBE38E50088D969 /* GridView.swift */,
				C8B046AF2DBE38F70088D969 /* GroupView.swift */,
			);
			path = Views;
			sourceTree = "<group>";
		};
		C8B046B12DBE39FA0088D969 /* Topics */ = {
			isa = PBXGroup;
			children = (
				059799FC2F06585800905892 /* Buttons */,
				05F7E1EC2EE22F2A0070EE3A /* BottomSheet.swift */,
				C80B1C442C66474B002ED295 /* BlendModeView.swift */,
				051695FD2EE0A61C0017DCC8 /* Maps */,
			);
			path = Topics;
			sourceTree = "<group>";
		};
		C8B046B22DBE3A330088D969 /* Resource */ = {
			isa = PBXGroup;
			children = (
				C80B1C392C6646FE002ED295 /* Assets.xcassets */,
			);
			path = Resource;
			sourceTree = "<group>";
		};
/* End PBXGroup section */

/* Begin PBXNativeTarget section */
		C80B1C312C6646FA002ED295 /* SwiftUI Topics */ = {
			isa = PBXNativeTarget;
			buildConfigurationList = C80B1C402C6646FE002ED295 /* Build configuration list for PBXNativeTarget "SwiftUI Topics" */;
			buildPhases = (
				C80B1C2E2C6646FA002ED295 /* Sources */,
				C80B1C2F2C6646FA002ED295 /* Frameworks */,
				C80B1C302C6646FA002ED295 /* Resources */,
			);
			buildRules = (
			);
			dependencies = (
			);
			name = "SwiftUI Topics";
			productName = "SwiftUI Topics";
			productReference = C80B1C322C6646FA002ED295 /* SwiftUI Topics.app */;
			productType = "com.apple.product-type.application";
		};
/* End PBXNativeTarget section */

/* Begin PBXProject section */
		C80B1C2A2C6646FA002ED295 /* Project object */ = {
			isa = PBXProject;
			attributes = {
				BuildIndependentTargetsInParallel = 1;
				LastSwiftUpdateCheck = 1420;
				LastUpgradeCheck = 2610;
				TargetAttributes = {
					C80B1C312C6646FA002ED295 = {
						CreatedOnToolsVersion = 14.2;
					};
				};
			};
			buildConfigurationList = C80B1C2D2C6646FA002ED295 /* Build configuration list for PBXProject "SwiftUI Topics" */;
			compatibilityVersion = "Xcode 14.0";
			developmentRegion = en;
			hasScannedForEncodings = 0;
			knownRegions = (
				en,
				Base,
			);
			mainGroup = C80B1C292C6646FA002ED295;
			productRefGroup = C80B1C332C6646FA002ED295 /* Products */;
			projectDirPath = "";
			projectRoot = "";
			targets = (
				C80B1C312C6646FA002ED295 /* SwiftUI Topics */,
			);
		};
/* End PBXProject section */

/* Begin PBXResourcesBuildPhase section */
		C80B1C302C6646FA002ED295 /* Resources */ = {
			isa = PBXResourcesBuildPhase;
			buildActionMask = 2147483647;
			files = (
				C80B1C3D2C6646FE002ED295 /* Preview Assets.xcassets in Resources */,
				C80B1C3A2C6646FE002ED295 /* Assets.xcassets in Resources */,
			);
			runOnlyForDeploymentPostprocessing = 0;
		};
/* End PBXResourcesBuildPhase section */

/* Begin PBXSourcesBuildPhase section */
		C80B1C2E2C6646FA002ED295 /* Sources */ = {
			isa = PBXSourcesBuildPhase;
			buildActionMask = 2147483647;
			files = (
				0516960A2EE195660017DCC8 /* FriendAvatar.swift in Sources */,
				051696042EE0A7960017DCC8 /* FriendMarkerView.swift in Sources */,
				051696082EE0ACE20017DCC8 /* FriendDetailCard.swift in Sources */,
				C80B1C382C6646FA002ED295 /* ContentView.swift in Sources */,
				05979A022F065DD100905892 /* ButtonShowcaseView.swift in Sources */,
				059799FE2F06587500905892 /* ProductionButtonShowcaseView.swift in Sources */,
				056D91162F1E0C290005D7DC /* LikeButtons.swift in Sources */,
				051696002EE0A7330017DCC8 /* Friend.swift in Sources */,
				C80B1C362C6646FA002ED295 /* SwiftUI_TopicsApp.swift in Sources */,
				C8B046B02DBE38F70088D969 /* GroupView.swift in Sources */,
				051696022EE0A7680017DCC8 /* LocationManager.swift in Sources */,
				C80B1C452C66474B002ED295 /* BlendModeView.swift in Sources */,
				051696062EE0A7BF0017DCC8 /* MapView.swift in Sources */,
				C8B046AE2DBE38E50088D969 /* GridView.swift in Sources */,
				05F7E1ED2EE22F3D0070EE3A /* BottomSheet.swift in Sources */,
				05979A002F065A5200905892 /* ButtonStyles.swift in Sources */,
				C8808DC22C669DD3003641DF /* ExperimentUIView.swift in Sources */,
			);
			runOnlyForDeploymentPostprocessing = 0;
		};
/* End PBXSourcesBuildPhase section */

/* Begin XCBuildConfiguration section */
		C80B1C3E2C6646FE002ED295 /* Debug */ = {
			isa = XCBuildConfiguration;
			buildSettings = {
				ALWAYS_SEARCH_USER_PATHS = NO;
				ASSETCATALOG_COMPILER_GENERATE_SWIFT_ASSET_SYMBOL_EXTENSIONS = YES;
				CLANG_ANALYZER_NONNULL = YES;
				CLANG_ANALYZER_NUMBER_OBJECT_CONVERSION = YES_AGGRESSIVE;
				CLANG_CXX_LANGUAGE_STANDARD = "gnu++20";
				CLANG_ENABLE_MODULES = YES;
				CLANG_ENABLE_OBJC_ARC = YES;
				CLANG_ENABLE_OBJC_WEAK = YES;
				CLANG_WARN_BLOCK_CAPTURE_AUTORELEASING = YES;
				CLANG_WARN_BOOL_CONVERSION = YES;
				CLANG_WARN_COMMA = YES;
				CLANG_WARN_CONSTANT_CONVERSION = YES;
				CLANG_WARN_DEPRECATED_OBJC_IMPLEMENTATIONS = YES;
				CLANG_WARN_DIRECT_OBJC_ISA_USAGE = YES_ERROR;
				CLANG_WARN_DOCUMENTATION_COMMENTS = YES;
				CLANG_WARN_EMPTY_BODY = YES;
				CLANG_WARN_ENUM_CONVERSION = YES;
				CLANG_WARN_INFINITE_RECURSION = YES;
				CLANG_WARN_INT_CONVERSION = YES;
				CLANG_WARN_NON_LITERAL_NULL_CONVERSION = YES;
				CLANG_WARN_OBJC_IMPLICIT_RETAIN_SELF = YES;
				CLANG_WARN_OBJC_LITERAL_CONVERSION = YES;
				CLANG_WARN_OBJC_ROOT_CLASS = YES_ERROR;
				CLANG_WARN_QUOTED_INCLUDE_IN_FRAMEWORK_HEADER = YES;
				CLANG_WARN_RANGE_LOOP_ANALYSIS = YES;
				CLANG_WARN_STRICT_PROTOTYPES = YES;
				CLANG_WARN_SUSPICIOUS_MOVE = YES;
				CLANG_WARN_UNGUARDED_AVAILABILITY = YES_AGGRESSIVE;
				CLANG_WARN_UNREACHABLE_CODE = YES;
				CLANG_WARN__DUPLICATE_METHOD_MATCH = YES;
				COPY_PHASE_STRIP = NO;
				DEBUG_INFORMATION_FORMAT = dwarf;
				ENABLE_STRICT_OBJC_MSGSEND = YES;
				ENABLE_TESTABILITY = YES;
				ENABLE_USER_SCRIPT_SANDBOXING = YES;
				GCC_C_LANGUAGE_STANDARD = gnu11;
				GCC_DYNAMIC_NO_PIC = NO;
				GCC_NO_COMMON_BLOCKS = YES;
				GCC_OPTIMIZATION_LEVEL = 0;
				GCC_PREPROCESSOR_DEFINITIONS = (
					"DEBUG=1",
					"$(inherited)",
				);
				GCC_WARN_64_TO_32_BIT_CONVERSION = YES;
				GCC_WARN_ABOUT_RETURN_TYPE = YES_ERROR;
				GCC_WARN_UNDECLARED_SELECTOR = YES;
				GCC_WARN_UNINITIALIZED_AUTOS = YES_AGGRESSIVE;
				GCC_WARN_UNUSED_FUNCTION = YES;
				GCC_WARN_UNUSED_VARIABLE = YES;
				IPHONEOS_DEPLOYMENT_TARGET = 16.2;
				MTL_ENABLE_DEBUG_INFO = INCLUDE_SOURCE;
				MTL_FAST_MATH = YES;
				ONLY_ACTIVE_ARCH = YES;
				SDKROOT = iphoneos;
				STRING_CATALOG_GENERATE_SYMBOLS = YES;
				SWIFT_ACTIVE_COMPILATION_CONDITIONS = DEBUG;
				SWIFT_OPTIMIZATION_LEVEL = "-Onone";
			};
			name = Debug;
		};
		C80B1C3F2C6646FE002ED295 /* Release */ = {
			isa = XCBuildConfiguration;
			buildSettings = {
				ALWAYS_SEARCH_USER_PATHS = NO;
				ASSETCATALOG_COMPILER_GENERATE_SWIFT_ASSET_SYMBOL_EXTENSIONS = YES;
				CLANG_ANALYZER_NONNULL = YES;
				CLANG_ANALYZER_NUMBER_OBJECT_CONVERSION = YES_AGGRESSIVE;
				CLANG_CXX_LANGUAGE_STANDARD = "gnu++20";
				CLANG_ENABLE_MODULES = YES;
				CLANG_ENABLE_OBJC_ARC = YES;
				CLANG_ENABLE_OBJC_WEAK = YES;
				CLANG_WARN_BLOCK_CAPTURE_AUTORELEASING = YES;
				CLANG_WARN_BOOL_CONVERSION = YES;
				CLANG_WARN_COMMA = YES;
				CLANG_WARN_CONSTANT_CONVERSION = YES;
				CLANG_WARN_DEPRECATED_OBJC_IMPLEMENTATIONS = YES;
				CLANG_WARN_DIRECT_OBJC_ISA_USAGE = YES_ERROR;
				CLANG_WARN_DOCUMENTATION_COMMENTS = YES;
				CLANG_WARN_EMPTY_BODY = YES;
				CLANG_WARN_ENUM_CONVERSION = YES;
				CLANG_WARN_INFINITE_RECURSION = YES;
				CLANG_WARN_INT_CONVERSION = YES;
				CLANG_WARN_NON_LITERAL_NULL_CONVERSION = YES;
				CLANG_WARN_OBJC_IMPLICIT_RETAIN_SELF = YES;
				CLANG_WARN_OBJC_LITERAL_CONVERSION = YES;
				CLANG_WARN_OBJC_ROOT_CLASS = YES_ERROR;
				CLANG_WARN_QUOTED_INCLUDE_IN_FRAMEWORK_HEADER = YES;
				CLANG_WARN_RANGE_LOOP_ANALYSIS = YES;
				CLANG_WARN_STRICT_PROTOTYPES = YES;
				CLANG_WARN_SUSPICIOUS_MOVE = YES;
				CLANG_WARN_UNGUARDED_AVAILABILITY = YES_AGGRESSIVE;
				CLANG_WARN_UNREACHABLE_CODE = YES;
				CLANG_WARN__DUPLICATE_METHOD_MATCH = YES;
				COPY_PHASE_STRIP = NO;
				DEBUG_INFORMATION_FORMAT = "dwarf-with-dsym";
				ENABLE_NS_ASSERTIONS = NO;
				ENABLE_STRICT_OBJC_MSGSEND = YES;
				ENABLE_USER_SCRIPT_SANDBOXING = YES;
				GCC_C_LANGUAGE_STANDARD = gnu11;
				GCC_NO_COMMON_BLOCKS = YES;
				GCC_WARN_64_TO_32_BIT_CONVERSION = YES;
				GCC_WARN_ABOUT_RETURN_TYPE = YES_ERROR;
				GCC_WARN_UNDECLARED_SELECTOR = YES;
				GCC_WARN_UNINITIALIZED_AUTOS = YES_AGGRESSIVE;
				GCC_WARN_UNUSED_FUNCTION = YES;
				GCC_WARN_UNUSED_VARIABLE = YES;
				IPHONEOS_DEPLOYMENT_TARGET = 16.2;
				MTL_ENABLE_DEBUG_INFO = NO;
				MTL_FAST_MATH = YES;
				SDKROOT = iphoneos;
				STRING_CATALOG_GENERATE_SYMBOLS = YES;
				SWIFT_COMPILATION_MODE = wholemodule;
				SWIFT_OPTIMIZATION_LEVEL = "-O";
				VALIDATE_PRODUCT = YES;
			};
			name = Release;
		};
		C80B1C412C6646FE002ED295 /* Debug */ = {
			isa = XCBuildConfiguration;
			buildSettings = {
				ASSETCATALOG_COMPILER_APPICON_NAME = AppIcon;
				ASSETCATALOG_COMPILER_GLOBAL_ACCENT_COLOR_NAME = AccentColor;
				CODE_SIGN_STYLE = Automatic;
				CURRENT_PROJECT_VERSION = 1;
				DEVELOPMENT_ASSET_PATHS = "\"SwiftUI Topics/Preview Content\"";
				ENABLE_PREVIEWS = YES;
				GENERATE_INFOPLIST_FILE = YES;
				INFOPLIST_FILE = "SwiftUI-Topics-Info.plist";
				INFOPLIST_KEY_CFBundleDisplayName = ShowUI;
				INFOPLIST_KEY_LSApplicationCategoryType = "";
				INFOPLIST_KEY_NSLocationWhenInUseUsageDescription = "We use your location to show you and your friends on the map.";
				INFOPLIST_KEY_UIApplicationSceneManifest_Generation = YES;
				INFOPLIST_KEY_UIApplicationSupportsIndirectInputEvents = YES;
				INFOPLIST_KEY_UILaunchScreen_Generation = YES;
				INFOPLIST_KEY_UISupportedInterfaceOrientations = UIInterfaceOrientationPortrait;
				IPHONEOS_DEPLOYMENT_TARGET = 16.6;
				LD_RUNPATH_SEARCH_PATHS = (
					"$(inherited)",
					"@executable_path/Frameworks",
				);
				MARKETING_VERSION = 1.0;
				PRODUCT_BUNDLE_IDENTIFIER = "com.csprasad.SwiftUI-Topics";
				PRODUCT_NAME = "$(TARGET_NAME)";
				SWIFT_EMIT_LOC_STRINGS = YES;
				SWIFT_VERSION = 5.0;
				TARGETED_DEVICE_FAMILY = "1,2";
			};
			name = Debug;
		};
		C80B1C422C6646FE002ED295 /* Release */ = {
			isa = XCBuildConfiguration;
			buildSettings = {
				ASSETCATALOG_COMPILER_APPICON_NAME = AppIcon;
				ASSETCATALOG_COMPILER_GLOBAL_ACCENT_COLOR_NAME = AccentColor;
				CODE_SIGN_STYLE = Automatic;
				CURRENT_PROJECT_VERSION = 1;
				DEVELOPMENT_ASSET_PATHS = "\"SwiftUI Topics/Preview Content\"";
				ENABLE_PREVIEWS = YES;
				GENERATE_INFOPLIST_FILE = YES;
				INFOPLIST_FILE = "SwiftUI-Topics-Info.plist";
				INFOPLIST_KEY_CFBundleDisplayName = ShowUI;
				INFOPLIST_KEY_LSApplicationCategoryType = "";
				INFOPLIST_KEY_NSLocationWhenInUseUsageDescription = "We use your location to show you and your friends on the map.";
				INFOPLIST_KEY_UIApplicationSceneManifest_Generation = YES;
				INFOPLIST_KEY_UIApplicationSupportsIndirectInputEvents = YES;
				INFOPLIST_KEY_UILaunchScreen_Generation = YES;
				INFOPLIST_KEY_UISupportedInterfaceOrientations = UIInterfaceOrientationPortrait;
				IPHONEOS_DEPLOYMENT_TARGET = 16.6;
				LD_RUNPATH_SEARCH_PATHS = (
					"$(inherited)",
					"@executable_path/Frameworks",
				);
				MARKETING_VERSION = 1.0;
				PRODUCT_BUNDLE_IDENTIFIER = "com.csprasad.SwiftUI-Topics";
				PRODUCT_NAME = "$(TARGET_NAME)";
				SWIFT_EMIT_LOC_STRINGS = YES;
				SWIFT_VERSION = 5.0;
				TARGETED_DEVICE_FAMILY = "1,2";
			};
			name = Release;
		};
/* End XCBuildConfiguration section */

/* Begin XCConfigurationList section */
		C80B1C2D2C6646FA002ED295 /* Build configuration list for PBXProject "SwiftUI Topics" */ = {
			isa = XCConfigurationList;
			buildConfigurations = (
				C80B1C3E2C6646FE002ED295 /* Debug */,
				C80B1C3F2C6646FE002ED295 /* Release */,
			);
			defaultConfigurationIsVisible = 0;
			defaultConfigurationName = Release;
		};
		C80B1C402C6646FE002ED295 /* Build configuration list for PBXNativeTarget "SwiftUI Topics" */ = {
			isa = XCConfigurationList;
			buildConfigurations = (
				C80B1C412C6646FE002ED295 /* Debug */,
				C80B1C422C6646FE002ED295 /* Release */,
			);
			defaultConfigurationIsVisible = 0;
			defaultConfigurationName = Release;
		};
/* End XCConfigurationList section */
	};
	rootObject = C80B1C2A2C6646FA002ED295 /* Project object */;
}
