// !$*UTF8*$!
{
	archiveVersion = 1;
	classes = {
	};
	objectVersion = 56;
	objects = {

/* Begin PBXBuildFile section */
		051191882F6FE2300089F2FF /* AnimationsTopic.swift in Sources */ = {isa = PBXBuildFile; fileRef = 051191872F6FE22C0089F2FF /* AnimationsTopic.swift */; };
		0511918A2F6FE24A0089F2FF /* 2_Spring.swift in Sources */ = {isa = PBXBuildFile; fileRef = 051191892F6FE2490089F2FF /* 2_Spring.swift */; };
		0511918C2F6FE2620089F2FF /* 4_Repeat.swift in Sources */ = {isa = PBXBuildFile; fileRef = 0511918B2F6FE2610089F2FF /* 4_Repeat.swift */; };
		0511918E2F6FE2710089F2FF /* 6_KeyframeAnimator.swift in Sources */ = {isa = PBXBuildFile; fileRef = 0511918D2F6FE2700089F2FF /* 6_KeyframeAnimator.swift */; };
		051191902F6FE2800089F2FF /* 8_ContentTransition.swift in Sources */ = {isa = PBXBuildFile; fileRef = 0511918F2F6FE27F0089F2FF /* 8_ContentTransition.swift */; };
		051191922F6FE9EE0089F2FF /* 11_ scrollanim.swift in Sources */ = {isa = PBXBuildFile; fileRef = 051191912F6FE9D00089F2FF /* 11_ scrollanim.swift */; };
		051191942F6FEA880089F2FF /* 13_GeometryEffect.swift in Sources */ = {isa = PBXBuildFile; fileRef = 051191932F6FEA870089F2FF /* 13_GeometryEffect.swift */; };
		051191962F6FEA960089F2FF /* 15_Transaction.swift in Sources */ = {isa = PBXBuildFile; fileRef = 051191952F6FEA950089F2FF /* 15_Transaction.swift */; };
		051191982F6FEAB20089F2FF /* 17_ScopedAnimation.swift in Sources */ = {isa = PBXBuildFile; fileRef = 051191972F6FEAB20089F2FF /* 17_ScopedAnimation.swift */; };
		0511919D2F6FEAE20089F2FF /* 10_CustomTransition.swift in Sources */ = {isa = PBXBuildFile; fileRef = 0511919C2F6FEAE10089F2FF /* 10_CustomTransition.swift */; };
		0511919F2F6FFB0B0089F2FF /* 1_AnimBasics.swift in Sources */ = {isa = PBXBuildFile; fileRef = 0511919E2F6FFB050089F2FF /* 1_AnimBasics.swift */; };
		051191A12F6FFB630089F2FF /* 3_TimingCurve.swift in Sources */ = {isa = PBXBuildFile; fileRef = 051191A02F6FFB610089F2FF /* 3_TimingCurve.swift */; };
		051191A32F6FFB990089F2FF /* 5_PhaseAnimator.swift in Sources */ = {isa = PBXBuildFile; fileRef = 051191A22F6FFB970089F2FF /* 5_PhaseAnimator.swift */; };
		051191A52F6FFBD80089F2FF /* 7_SymbolEffect.swift in Sources */ = {isa = PBXBuildFile; fileRef = 051191A42F6FFBCF0089F2FF /* 7_SymbolEffect.swift */; };
		051191A72F6FFC280089F2FF /* 9_MatchedGeometry.swift in Sources */ = {isa = PBXBuildFile; fileRef = 051191A62F6FFC230089F2FF /* 9_MatchedGeometry.swift */; };
		051191A92F6FFC730089F2FF /* 12_AnimatableShapes.swift in Sources */ = {isa = PBXBuildFile; fileRef = 051191A82F6FFC6E0089F2FF /* 12_AnimatableShapes.swift */; };
		051191AB2F6FFCCC0089F2FF /* 14_TimelineView.swift in Sources */ = {isa = PBXBuildFile; fileRef = 051191AA2F6FFCC60089F2FF /* 14_TimelineView.swift */; };
		051191AD2F6FFCF40089F2FF /* 16_DrawingGroup.swift in Sources */ = {isa = PBXBuildFile; fileRef = 051191AC2F6FFCF10089F2FF /* 16_DrawingGroup.swift */; };
		051499B02F715CFF00EE4E83 /* 5_variants.swift in Sources */ = {isa = PBXBuildFile; fileRef = 051499AF2F715CFC00EE4E83 /* 5_variants.swift */; };
		051499B22F715E8200EE4E83 /* 9_customSymbol.swift in Sources */ = {isa = PBXBuildFile; fileRef = 051499B12F715E7B00EE4E83 /* 9_customSymbol.swift */; };
		051499B42F715F1F00EE4E83 /* 8_accessibility.swift in Sources */ = {isa = PBXBuildFile; fileRef = 051499B32F715F1600EE4E83 /* 8_accessibility.swift */; };
		0518ADE32F6B1C2800BA2F73 /* BlendmodesTopic.swift in Sources */ = {isa = PBXBuildFile; fileRef = 0518ADE22F6B1C2600BA2F73 /* BlendmodesTopic.swift */; };
		0518ADE52F6B1D2400BA2F73 /* 1_blendintro.swift in Sources */ = {isa = PBXBuildFile; fileRef = 0518ADE42F6B1D1D00BA2F73 /* 1_blendintro.swift */; };
		0518ADE72F6B1D4300BA2F73 /* Blendcategoryvisual.swift in Sources */ = {isa = PBXBuildFile; fileRef = 0518ADE62F6B1D4200BA2F73 /* Blendcategoryvisual.swift */; };
		0518ADEB2F6B2A6900BA2F73 /* CodeBlock.swift in Sources */ = {isa = PBXBuildFile; fileRef = 0518ADEA2F6B2A6700BA2F73 /* CodeBlock.swift */; };
		051C4A732F7D14240003C63A /* StatebindingTopic.swift in Sources */ = {isa = PBXBuildFile; fileRef = 051C4A722F7D14200003C63A /* StatebindingTopic.swift */; };
		051C4A752F7D14420003C63A /* 1_stateBasics.swift in Sources */ = {isa = PBXBuildFile; fileRef = 051C4A742F7D14380003C63A /* 1_stateBasics.swift */; };
		051C4A772F7D14B50003C63A /* 2_statePlain.swift in Sources */ = {isa = PBXBuildFile; fileRef = 051C4A762F7D14B00003C63A /* 2_statePlain.swift */; };
		051C4A7A2F7D15590003C63A /* 3_binding.swift in Sources */ = {isa = PBXBuildFile; fileRef = 051C4A792F7D154D0003C63A /* 3_binding.swift */; };
		051C4A7C2F7D15E80003C63A /* 4_derived.swift in Sources */ = {isa = PBXBuildFile; fileRef = 051C4A7B2F7D15E40003C63A /* 4_derived.swift */; };
		051C4A822F7D162B0003C63A /* 5_environment.swift in Sources */ = {isa = PBXBuildFile; fileRef = 051C4A812F7D16250003C63A /* 5_environment.swift */; };
		051C4A842F7D16D60003C63A /* 6_observable.swift in Sources */ = {isa = PBXBuildFile; fileRef = 051C4A832F7D16CD0003C63A /* 6_observable.swift */; };
		051C4A862F7D171C0003C63A /* 7_stateObjectVSObservedObject.swift in Sources */ = {isa = PBXBuildFile; fileRef = 051C4A852F7D17050003C63A /* 7_stateObjectVSObservedObject.swift */; };
		051C4A882F7D17400003C63A /* 8_multipleSources.swift in Sources */ = {isa = PBXBuildFile; fileRef = 051C4A872F7D17350003C63A /* 8_multipleSources.swift */; };
		051FDFBA2F47324A0013F19E /* Color+Hex.swift in Sources */ = {isa = PBXBuildFile; fileRef = 051FDFB92F47323B0013F19E /* Color+Hex.swift */; };
		05235D902F7FDF0B0002614B /* diagram+Helper.swift in Sources */ = {isa = PBXBuildFile; fileRef = 05235D8F2F7FDF090002614B /* diagram+Helper.swift */; };
		0546F0C62F817A270062C81B /* TextTypographyTopic.swift in Sources */ = {isa = PBXBuildFile; fileRef = 0546F0C52F817A250062C81B /* TextTypographyTopic.swift */; };
		0546F0C82F817C3A0062C81B /* 1_TextBasics.swift in Sources */ = {isa = PBXBuildFile; fileRef = 0546F0C72F817C390062C81B /* 1_TextBasics.swift */; };
		0546F0CA2F817C4E0062C81B /* 2_TextFormatting.swift in Sources */ = {isa = PBXBuildFile; fileRef = 0546F0C92F817C4E0062C81B /* 2_TextFormatting.swift */; };
		0546F0CC2F817C5F0062C81B /* 3_TextTruncation.swift in Sources */ = {isa = PBXBuildFile; fileRef = 0546F0CB2F817C5E0062C81B /* 3_TextTruncation.swift */; };
		0546F0CE2F817C700062C81B /* 4_TextAdvanced.swift in Sources */ = {isa = PBXBuildFile; fileRef = 0546F0CD2F817C6F0062C81B /* 4_TextAdvanced.swift */; };
		0546F0D02F817D840062C81B /* 5_DynamicType.swift in Sources */ = {isa = PBXBuildFile; fileRef = 0546F0CF2F817D830062C81B /* 5_DynamicType.swift */; };
		0546F0D22F817D9D0062C81B /* 6_TextPrivacy.swift in Sources */ = {isa = PBXBuildFile; fileRef = 0546F0D12F817D9C0062C81B /* 6_TextPrivacy.swift */; };
		054ED8CE2F7118D4003BA047 /* SFSymbolsTopic.swift in Sources */ = {isa = PBXBuildFile; fileRef = 054ED8CD2F7118D2003BA047 /* SFSymbolsTopic.swift */; };
		054ED8D02F71194B003BA047 /* 1_renderingmodes.swift in Sources */ = {isa = PBXBuildFile; fileRef = 054ED8CF2F711945003BA047 /* 1_renderingmodes.swift */; };
		054ED8D22F711984003BA047 /* 2_layeredsymbols.swift in Sources */ = {isa = PBXBuildFile; fileRef = 054ED8D12F711981003BA047 /* 2_layeredsymbols.swift */; };
		054ED8D42F7119B0003BA047 /* 3_variablecolor.swift in Sources */ = {isa = PBXBuildFile; fileRef = 054ED8D32F7119AC003BA047 /* 3_variablecolor.swift */; };
		054ED8D62F7119D4003BA047 /* 4_weightscale.swift in Sources */ = {isa = PBXBuildFile; fileRef = 054ED8D52F7119D2003BA047 /* 4_weightscale.swift */; };
		054ED8D82F711A28003BA047 /* 6_alignment.swift in Sources */ = {isa = PBXBuildFile; fileRef = 054ED8D72F711A24003BA047 /* 6_alignment.swift */; };
		054ED8DA2F711A63003BA047 /* 7_effectsReference.swift in Sources */ = {isa = PBXBuildFile; fileRef = 054ED8D92F711A5F003BA047 /* 7_effectsReference.swift */; };
		054ED8DC2F71229C003BA047 /* 0_symbolbrowser.swift in Sources */ = {isa = PBXBuildFile; fileRef = 054ED8DB2F712297003BA047 /* 0_symbolbrowser.swift */; };
		0555455A2F72740F006086F5 /* bottomsheetsTopic.swift in Sources */ = {isa = PBXBuildFile; fileRef = 055545592F72740A006086F5 /* bottomsheetsTopic.swift */; };
		0555455C2F727430006086F5 /* 1_sheetBasics.swift in Sources */ = {isa = PBXBuildFile; fileRef = 0555455B2F727428006086F5 /* 1_sheetBasics.swift */; };
		0555455E2F7274C7006086F5 /* 2_detents.swift in Sources */ = {isa = PBXBuildFile; fileRef = 0555455D2F7274C2006086F5 /* 2_detents.swift */; };
		055545602F72751F006086F5 /* 3_multipleDetents.swift in Sources */ = {isa = PBXBuildFile; fileRef = 0555455F2F72751A006086F5 /* 3_multipleDetents.swift */; };
		055545622F727578006086F5 /* 4_dragIndicator.swift in Sources */ = {isa = PBXBuildFile; fileRef = 055545612F727573006086F5 /* 4_dragIndicator.swift */; };
		055545642F7275DB006086F5 /* 5_backgroundInteraction.swift in Sources */ = {isa = PBXBuildFile; fileRef = 055545632F7275D1006086F5 /* 5_backgroundInteraction.swift */; };
		055545662F72766A006086F5 /* 6_customBackground.swift in Sources */ = {isa = PBXBuildFile; fileRef = 055545652F727664006086F5 /* 6_customBackground.swift */; };
		055545682F7276DB006086F5 /* 7_fullScreenCover.swift in Sources */ = {isa = PBXBuildFile; fileRef = 055545672F7276D3006086F5 /* 7_fullScreenCover.swift */; };
		0555456A2F72773A006086F5 /* 8_programmaticDismiss.swift in Sources */ = {isa = PBXBuildFile; fileRef = 055545692F727731006086F5 /* 8_programmaticDismiss.swift */; };
		0555456C2F7277B1006086F5 /* 9_sheetLayout.swift in Sources */ = {isa = PBXBuildFile; fileRef = 0555456B2F7277AB006086F5 /* 9_sheetLayout.swift */; };
		0563753E2F71C092001E7148 /* ButtonsTopic.swift in Sources */ = {isa = PBXBuildFile; fileRef = 0563753D2F71C08E001E7148 /* ButtonsTopic.swift */; };
		056375402F71C0ED001E7148 /* 1_buttonBasics.swift in Sources */ = {isa = PBXBuildFile; fileRef = 0563753F2F71C0E5001E7148 /* 1_buttonBasics.swift */; };
		056375422F71C12C001E7148 /* 2_buttonStyles.swift in Sources */ = {isa = PBXBuildFile; fileRef = 056375412F71C120001E7148 /* 2_buttonStyles.swift */; };
		056375442F71C17C001E7148 /* 3_customButtonStyle.swift in Sources */ = {isa = PBXBuildFile; fileRef = 056375432F71C16D001E7148 /* 3_customButtonStyle.swift */; };
		056375462F71C1C6001E7148 /* 4_buttonLoadingState.swift in Sources */ = {isa = PBXBuildFile; fileRef = 056375452F71C1BC001E7148 /* 4_buttonLoadingState.swift */; };
		056375482F71C21D001E7148 /* 5_toggleButton.swift in Sources */ = {isa = PBXBuildFile; fileRef = 056375472F71C20A001E7148 /* 5_toggleButton.swift */; };
		0563754A2F71C261001E7148 /* 6_buttonConfirmation.swift in Sources */ = {isa = PBXBuildFile; fileRef = 056375492F71C25A001E7148 /* 6_buttonConfirmation.swift */; };
		0563754C2F71C2A2001E7148 /* 7_buttonMenu.swift in Sources */ = {isa = PBXBuildFile; fileRef = 0563754B2F71C297001E7148 /* 7_buttonMenu.swift */; };
		0563754E2F71C2E2001E7148 /* 8_buttonTappableAreas.swift in Sources */ = {isa = PBXBuildFile; fileRef = 0563754D2F71C2D9001E7148 /* 8_buttonTappableAreas.swift */; };
		056375502F71C323001E7148 /* 9_buttonLongPress.swift in Sources */ = {isa = PBXBuildFile; fileRef = 0563754F2F71C31D001E7148 /* 9_buttonLongPress.swift */; };
		056375522F71C359001E7148 /* 10_buttonHaptic.swift in Sources */ = {isa = PBXBuildFile; fileRef = 056375512F71C353001E7148 /* 10_buttonHaptic.swift */; };
		05685B772F6A74B5004643FF /* Lesson.swift in Sources */ = {isa = PBXBuildFile; fileRef = 05685B752F6A74B4004643FF /* Lesson.swift */; };
		05685B9C2F6A8F9D004643FF /* 1_Sequential.swift in Sources */ = {isa = PBXBuildFile; fileRef = 05685B902F6A8F9D004643FF /* 1_Sequential.swift */; };
		05685B9D2F6A8F9D004643FF /* 2_Concurrent.swift in Sources */ = {isa = PBXBuildFile; fileRef = 05685B912F6A8F9D004643FF /* 2_Concurrent.swift */; };
		05685B9E2F6A8F9D004643FF /* 3_RaceCondition.swift in Sources */ = {isa = PBXBuildFile; fileRef = 05685B922F6A8F9D004643FF /* 3_RaceCondition.swift */; };
		05685B9F2F6A8F9D004643FF /* 4_Actor.swift in Sources */ = {isa = PBXBuildFile; fileRef = 05685B932F6A8F9D004643FF /* 4_Actor.swift */; };
		05685BA02F6A8F9D004643FF /* 8_Sendable.swift in Sources */ = {isa = PBXBuildFile; fileRef = 05685B942F6A8F9D004643FF /* 8_Sendable.swift */; };
		05685BA12F6A8F9D004643FF /* SharedComponents.swift in Sources */ = {isa = PBXBuildFile; fileRef = 05685B962F6A8F9D004643FF /* SharedComponents.swift */; };
		05685BA32F6A8F9D004643FF /* LessonDetailView.swift in Sources */ = {isa = PBXBuildFile; fileRef = 05685B992F6A8F9D004643FF /* LessonDetailView.swift */; };
		05685BA52F6A9518004643FF /* 5_AsyncLet.swift in Sources */ = {isa = PBXBuildFile; fileRef = 05685BA42F6A950E004643FF /* 5_AsyncLet.swift */; };
		05685BA72F6A954C004643FF /* 6_TaskGroup.swift in Sources */ = {isa = PBXBuildFile; fileRef = 05685BA62F6A9545004643FF /* 6_TaskGroup.swift */; };
		05685BA92F6A958B004643FF /* 7_Cancellation.swift in Sources */ = {isa = PBXBuildFile; fileRef = 05685BA82F6A958B004643FF /* 7_Cancellation.swift */; };
		05685BAF2F6AAF00004643FF /* Protocol.swift in Sources */ = {isa = PBXBuildFile; fileRef = 05685BAE2F6AAEFB004643FF /* Protocol.swift */; };
		05685BB12F6AAF1A004643FF /* TopicRegistry.swift in Sources */ = {isa = PBXBuildFile; fileRef = 05685BB02F6AAF19004643FF /* TopicRegistry.swift */; };
		05685BB32F6AAF3D004643FF /* View+extensions.swift in Sources */ = {isa = PBXBuildFile; fileRef = 05685BB22F6AAF3C004643FF /* View+extensions.swift */; };
		05685BB52F6AAF9C004643FF /* HomeView.swift in Sources */ = {isa = PBXBuildFile; fileRef = 05685BB42F6AAF98004643FF /* HomeView.swift */; };
		05685BB72F6AAFD1004643FF /* TopicDetailView.swift in Sources */ = {isa = PBXBuildFile; fileRef = 05685BB62F6AAFD1004643FF /* TopicDetailView.swift */; };
		05685BB92F6AB052004643FF /* ConcurrencyTopic.swift in Sources */ = {isa = PBXBuildFile; fileRef = 05685BB82F6AB050004643FF /* ConcurrencyTopic.swift */; };
		05685BBE2F6AB68A004643FF /* KeyboardTopic.swift in Sources */ = {isa = PBXBuildFile; fileRef = 05685BBD2F6AB688004643FF /* KeyboardTopic.swift */; };
		05685BC02F6AB6B9004643FF /* 1_keyboardtypes.swift in Sources */ = {isa = PBXBuildFile; fileRef = 05685BBF2F6AB6A6004643FF /* 1_keyboardtypes.swift */; };
		05685BC22F6AB6EE004643FF /* 2_focusmanagement.swift in Sources */ = {isa = PBXBuildFile; fileRef = 05685BC12F6AB6EB004643FF /* 2_focusmanagement.swift */; };
		05685BC42F6AB71C004643FF /* 3_keyboardavoidance.swift in Sources */ = {isa = PBXBuildFile; fileRef = 05685BC32F6AB718004643FF /* 3_keyboardavoidance.swift */; };
		05685BC62F6AB740004643FF /* 4_InputValidation.swift in Sources */ = {isa = PBXBuildFile; fileRef = 05685BC52F6AB740004643FF /* 4_InputValidation.swift */; };
		05685BC82F6AB771004643FF /* 5_KeyboardToolbar.swift in Sources */ = {isa = PBXBuildFile; fileRef = 05685BC72F6AB76B004643FF /* 5_KeyboardToolbar.swift */; };
		05685BCA2F6AB84A004643FF /* 6_ReturnKey.swift in Sources */ = {isa = PBXBuildFile; fileRef = 05685BC92F6AB846004643FF /* 6_ReturnKey.swift */; };
		057063FF2F82293D00B2512D /* StacksSpacerTopic.swift in Sources */ = {isa = PBXBuildFile; fileRef = 057063FE2F82293B00B2512D /* StacksSpacerTopic.swift */; };
		057064012F82296300B2512D /* 1_HStack&VStack.swift in Sources */ = {isa = PBXBuildFile; fileRef = 057064002F82295C00B2512D /* 1_HStack&VStack.swift */; };
		057064032F8229B500B2512D /* 2_ZStack.swift in Sources */ = {isa = PBXBuildFile; fileRef = 057064022F8229B200B2512D /* 2_ZStack.swift */; };
		057064052F8229DE00B2512D /* 3_Spacer&Divider.swift in Sources */ = {isa = PBXBuildFile; fileRef = 057064042F8229D800B2512D /* 3_Spacer&Divider.swift */; };
		057064072F822A4200B2512D /* 4_Alignment.swift in Sources */ = {isa = PBXBuildFile; fileRef = 057064062F822A4000B2512D /* 4_Alignment.swift */; };
		057064092F822AB600B2512D /* 5_Frame.swift in Sources */ = {isa = PBXBuildFile; fileRef = 057064082F822AAE00B2512D /* 5_Frame.swift */; };
		0570640B2F822B7B00B2512D /* 6_Padding&Offset.swift in Sources */ = {isa = PBXBuildFile; fileRef = 0570640A2F822B7500B2512D /* 6_Padding&Offset.swift */; };
		058836652F82CF660041B682 /* 7_ViewThatFits.swift in Sources */ = {isa = PBXBuildFile; fileRef = 058836642F82CF610041B682 /* 7_ViewThatFits.swift */; };
		058836672F82CFFB0041B682 /* 8_LayoutPriority.swift in Sources */ = {isa = PBXBuildFile; fileRef = 058836662F82CFF30041B682 /* 8_LayoutPriority.swift */; };
		05AED1132F80E57200E3C2BE /* ListforeachTopic.swift in Sources */ = {isa = PBXBuildFile; fileRef = 05AED1122F80E56E00E3C2BE /* ListforeachTopic.swift */; };
		05AED1152F80E5A400E3C2BE /* 1_ForEachBasics.swift in Sources */ = {isa = PBXBuildFile; fileRef = 05AED1142F80E59B00E3C2BE /* 1_ForEachBasics.swift */; };
		05AED1172F80E63900E3C2BE /* 2_ListBasics.swift in Sources */ = {isa = PBXBuildFile; fileRef = 05AED1162F80E62F00E3C2BE /* 2_ListBasics.swift */; };
		05AED1192F80E67800E3C2BE /* 3_Sections.swift in Sources */ = {isa = PBXBuildFile; fileRef = 05AED1182F80E67100E3C2BE /* 3_Sections.swift */; };
		05AED11B2F80E6B800E3C2BE /* 4_SwipeActions.swift in Sources */ = {isa = PBXBuildFile; fileRef = 05AED11A2F80E6B300E3C2BE /* 4_SwipeActions.swift */; };
		05AED11D2F80E6EF00E3C2BE /* 5_EditMode.swift in Sources */ = {isa = PBXBuildFile; fileRef = 05AED11C2F80E6EA00E3C2BE /* 5_EditMode.swift */; };
		05AED11F2F80E72400E3C2BE /* 6_DynamicData.swift in Sources */ = {isa = PBXBuildFile; fileRef = 05AED11E2F80E71F00E3C2BE /* 6_DynamicData.swift */; };
		05AED1212F80E75700E3C2BE /* 7_RowCustomization.swift in Sources */ = {isa = PBXBuildFile; fileRef = 05AED1202F80E75000E3C2BE /* 7_RowCustomization.swift */; };
		05AED1232F80E78C00E3C2BE /* 8_Performance.swift in Sources */ = {isa = PBXBuildFile; fileRef = 05AED1222F80E78700E3C2BE /* 8_Performance.swift */; };
		05B1497B2F7F8B5900F00B04 /* 8_commonMistakes.swift in Sources */ = {isa = PBXBuildFile; fileRef = 05B1497A2F7F8B1B00F00B04 /* 8_commonMistakes.swift */; };
		05B1497D2F7F8BCC00F00B04 /* 7_sheetsInNavigation.swift in Sources */ = {isa = PBXBuildFile; fileRef = 05B1497C2F7F8BBE00F00B04 /* 7_sheetsInNavigation.swift */; };
		05B1497F2F7F8C3D00F00B04 /* 5_navigationBar.swift in Sources */ = {isa = PBXBuildFile; fileRef = 05B1497E2F7F8C2D00F00B04 /* 5_navigationBar.swift */; };
		05B149812F7F91CC00F00B04 /* 6_navigationSplitView.swift in Sources */ = {isa = PBXBuildFile; fileRef = 05B149802F7F91C500F00B04 /* 6_navigationSplitView.swift */; };
		05B149832F7F91FA00F00B04 /* NavigationstackTopic.swift in Sources */ = {isa = PBXBuildFile; fileRef = 05B149822F7F91F600F00B04 /* NavigationstackTopic.swift */; };
		05B149852F7F925C00F00B04 /* 3_navPath.swift in Sources */ = {isa = PBXBuildFile; fileRef = 05B149842F7F925400F00B04 /* 3_navPath.swift */; };
		05B149872F7F92AE00F00B04 /* 4_deepLinking.swift in Sources */ = {isa = PBXBuildFile; fileRef = 05B149862F7F92A800F00B04 /* 4_deepLinking.swift */; };
		05B149892F7F931D00F00B04 /* 2_typedNav.swift in Sources */ = {isa = PBXBuildFile; fileRef = 05B149882F7F930D00F00B04 /* 2_typedNav.swift */; };
		05B1498B2F7F93C500F00B04 /* 1_stack_Basics.swift in Sources */ = {isa = PBXBuildFile; fileRef = 05B1498A2F7F93BD00F00B04 /* 1_stack_Basics.swift */; };
		05D8242D2F6B310600A81A2F /* MaskingTopic.swift in Sources */ = {isa = PBXBuildFile; fileRef = 05D8242C2F6B310300A81A2F /* MaskingTopic.swift */; };
		05D8242F2F6B312000A81A2F /* 1_maskIntro.swift in Sources */ = {isa = PBXBuildFile; fileRef = 05D8242E2F6B311F00A81A2F /* 1_maskIntro.swift */; };
		05D824352F6B3BBB00A81A2F /* 2_basicMask.swift in Sources */ = {isa = PBXBuildFile; fileRef = 05D824342F6B3BB000A81A2F /* 2_basicMask.swift */; };
		05D824372F6B3BD100A81A2F /* 3_clipShapes.swift in Sources */ = {isa = PBXBuildFile; fileRef = 05D824362F6B3BC700A81A2F /* 3_clipShapes.swift */; };
		05D824392F6B3BEA00A81A2F /* 4_gradientMask.swift in Sources */ = {isa = PBXBuildFile; fileRef = 05D824382F6B3BD800A81A2F /* 4_gradientMask.swift */; };
		05D8243B2F6B3BFD00A81A2F /* 5_invertedMask.swift in Sources */ = {isa = PBXBuildFile; fileRef = 05D8243A2F6B3BF400A81A2F /* 5_invertedMask.swift */; };
		05D8243D2F6B3C6200A81A2F /* 6_LuminanceAlpha.swift in Sources */ = {isa = PBXBuildFile; fileRef = 05D8243C2F6B3C4E00A81A2F /* 6_LuminanceAlpha.swift */; };
		05D8243F2F6B3C7700A81A2F /* 7_TextMask.swift in Sources */ = {isa = PBXBuildFile; fileRef = 05D8243E2F6B3C7200A81A2F /* 7_TextMask.swift */; };
		05D824412F6B3C9100A81A2F /* 8_AnimatedReveal.swift in Sources */ = {isa = PBXBuildFile; fileRef = 05D824402F6B3C8500A81A2F /* 8_AnimatedReveal.swift */; };
		05D824432F6B3CAE00A81A2F /* 9_PathMask.swift in Sources */ = {isa = PBXBuildFile; fileRef = 05D824422F6B3CA600A81A2F /* 9_PathMask.swift */; };
		C80B1C362C6646FA002ED295 /* SwiftUI_TopicsApp.swift in Sources */ = {isa = PBXBuildFile; fileRef = C80B1C352C6646FA002ED295 /* SwiftUI_TopicsApp.swift */; };
		C80B1C3A2C6646FE002ED295 /* Assets.xcassets in Resources */ = {isa = PBXBuildFile; fileRef = C80B1C392C6646FE002ED295 /* Assets.xcassets */; };
		C80B1C3D2C6646FE002ED295 /* Preview Assets.xcassets in Resources */ = {isa = PBXBuildFile; fileRef = C80B1C3C2C6646FE002ED295 /* Preview Assets.xcassets */; };
/* End PBXBuildFile section */

/* Begin PBXFileReference section */
		051191872F6FE22C0089F2FF /* AnimationsTopic.swift */ = {isa = PBXFileReference; lastKnownFileType = sourcecode.swift; path = AnimationsTopic.swift; sourceTree = "<group>"; };
		051191892F6FE2490089F2FF /* 2_Spring.swift */ = {isa = PBXFileReference; lastKnownFileType = sourcecode.swift; path = 2_Spring.swift; sourceTree = "<group>"; };
		0511918B2F6FE2610089F2FF /* 4_Repeat.swift */ = {isa = PBXFileReference; lastKnownFileType = sourcecode.swift; path = 4_Repeat.swift; sourceTree = "<group>"; };
		0511918D2F6FE2700089F2FF /* 6_KeyframeAnimator.swift */ = {isa = PBXFileReference; lastKnownFileType = sourcecode.swift; path = 6_KeyframeAnimator.swift; sourceTree = "<group>"; };
		0511918F2F6FE27F0089F2FF /* 8_ContentTransition.swift */ = {isa = PBXFileReference; lastKnownFileType = sourcecode.swift; path = 8_ContentTransition.swift; sourceTree = "<group>"; };
		051191912F6FE9D00089F2FF /* 11_ scrollanim.swift */ = {isa = PBXFileReference; lastKnownFileType = sourcecode.swift; path = "11_ scrollanim.swift"; sourceTree = "<group>"; };
		051191932F6FEA870089F2FF /* 13_GeometryEffect.swift */ = {isa = PBXFileReference; lastKnownFileType = sourcecode.swift; path = 13_GeometryEffect.swift; sourceTree = "<group>"; };
		051191952F6FEA950089F2FF /* 15_Transaction.swift */ = {isa = PBXFileReference; lastKnownFileType = sourcecode.swift; path = 15_Transaction.swift; sourceTree = "<group>"; };
		051191972F6FEAB20089F2FF /* 17_ScopedAnimation.swift */ = {isa = PBXFileReference; lastKnownFileType = sourcecode.swift; path = 17_ScopedAnimation.swift; sourceTree = "<group>"; };
		0511919C2F6FEAE10089F2FF /* 10_CustomTransition.swift */ = {isa = PBXFileReference; lastKnownFileType = sourcecode.swift; path = 10_CustomTransition.swift; sourceTree = "<group>"; };
		0511919E2F6FFB050089F2FF /* 1_AnimBasics.swift */ = {isa = PBXFileReference; lastKnownFileType = sourcecode.swift; path = 1_AnimBasics.swift; sourceTree = "<group>"; };
		051191A02F6FFB610089F2FF /* 3_TimingCurve.swift */ = {isa = PBXFileReference; lastKnownFileType = sourcecode.swift; path = 3_TimingCurve.swift; sourceTree = "<group>"; };
		051191A22F6FFB970089F2FF /* 5_PhaseAnimator.swift */ = {isa = PBXFileReference; lastKnownFileType = sourcecode.swift; path = 5_PhaseAnimator.swift; sourceTree = "<group>"; };
		051191A42F6FFBCF0089F2FF /* 7_SymbolEffect.swift */ = {isa = PBXFileReference; lastKnownFileType = sourcecode.swift; path = 7_SymbolEffect.swift; sourceTree = "<group>"; };
		051191A62F6FFC230089F2FF /* 9_MatchedGeometry.swift */ = {isa = PBXFileReference; lastKnownFileType = sourcecode.swift; path = 9_MatchedGeometry.swift; sourceTree = "<group>"; };
		051191A82F6FFC6E0089F2FF /* 12_AnimatableShapes.swift */ = {isa = PBXFileReference; lastKnownFileType = sourcecode.swift; path = 12_AnimatableShapes.swift; sourceTree = "<group>"; };
		051191AA2F6FFCC60089F2FF /* 14_TimelineView.swift */ = {isa = PBXFileReference; lastKnownFileType = sourcecode.swift; path = 14_TimelineView.swift; sourceTree = "<group>"; };
		051191AC2F6FFCF10089F2FF /* 16_DrawingGroup.swift */ = {isa = PBXFileReference; lastKnownFileType = sourcecode.swift; path = 16_DrawingGroup.swift; sourceTree = "<group>"; };
		051499AF2F715CFC00EE4E83 /* 5_variants.swift */ = {isa = PBXFileReference; lastKnownFileType = sourcecode.swift; path = 5_variants.swift; sourceTree = "<group>"; };
		051499B12F715E7B00EE4E83 /* 9_customSymbol.swift */ = {isa = PBXFileReference; lastKnownFileType = sourcecode.swift; path = 9_customSymbol.swift; sourceTree = "<group>"; };
		051499B32F715F1600EE4E83 /* 8_accessibility.swift */ = {isa = PBXFileReference; lastKnownFileType = sourcecode.swift; path = 8_accessibility.swift; sourceTree = "<group>"; };
		0516960B2EE1B1F60017DCC8 /* SwiftUI-Topics-Info.plist */ = {isa = PBXFileReference; lastKnownFileType = text.plist.xml; path = "SwiftUI-Topics-Info.plist"; sourceTree = "<group>"; };
		0518ADE22F6B1C2600BA2F73 /* BlendmodesTopic.swift */ = {isa = PBXFileReference; lastKnownFileType = sourcecode.swift; path = BlendmodesTopic.swift; sourceTree = "<group>"; };
		0518ADE42F6B1D1D00BA2F73 /* 1_blendintro.swift */ = {isa = PBXFileReference; lastKnownFileType = sourcecode.swift; path = 1_blendintro.swift; sourceTree = "<group>"; };
		0518ADE62F6B1D4200BA2F73 /* Blendcategoryvisual.swift */ = {isa = PBXFileReference; lastKnownFileType = sourcecode.swift; path = Blendcategoryvisual.swift; sourceTree = "<group>"; };
		0518ADEA2F6B2A6700BA2F73 /* CodeBlock.swift */ = {isa = PBXFileReference; lastKnownFileType = sourcecode.swift; path = CodeBlock.swift; sourceTree = "<group>"; };
		051C4A722F7D14200003C63A /* StatebindingTopic.swift */ = {isa = PBXFileReference; lastKnownFileType = sourcecode.swift; path = StatebindingTopic.swift; sourceTree = "<group>"; };
		051C4A742F7D14380003C63A /* 1_stateBasics.swift */ = {isa = PBXFileReference; lastKnownFileType = sourcecode.swift; path = 1_stateBasics.swift; sourceTree = "<group>"; };
		051C4A762F7D14B00003C63A /* 2_statePlain.swift */ = {isa = PBXFileReference; lastKnownFileType = sourcecode.swift; path = 2_statePlain.swift; sourceTree = "<group>"; };
		051C4A792F7D154D0003C63A /* 3_binding.swift */ = {isa = PBXFileReference; lastKnownFileType = sourcecode.swift; path = 3_binding.swift; sourceTree = "<group>"; };
		051C4A7B2F7D15E40003C63A /* 4_derived.swift */ = {isa = PBXFileReference; lastKnownFileType = sourcecode.swift; path = 4_derived.swift; sourceTree = "<group>"; };
		051C4A812F7D16250003C63A /* 5_environment.swift */ = {isa = PBXFileReference; lastKnownFileType = sourcecode.swift; path = 5_environment.swift; sourceTree = "<group>"; };
		051C4A832F7D16CD0003C63A /* 6_observable.swift */ = {isa = PBXFileReference; lastKnownFileType = sourcecode.swift; path = 6_observable.swift; sourceTree = "<group>"; };
		051C4A852F7D17050003C63A /* 7_stateObjectVSObservedObject.swift */ = {isa = PBXFileReference; lastKnownFileType = sourcecode.swift; path = 7_stateObjectVSObservedObject.swift; sourceTree = "<group>"; };
		051C4A872F7D17350003C63A /* 8_multipleSources.swift */ = {isa = PBXFileReference; lastKnownFileType = sourcecode.swift; path = 8_multipleSources.swift; sourceTree = "<group>"; };
		051FDFB92F47323B0013F19E /* Color+Hex.swift */ = {isa = PBXFileReference; lastKnownFileType = sourcecode.swift; path = "Color+Hex.swift"; sourceTree = "<group>"; };
		05235D8F2F7FDF090002614B /* diagram+Helper.swift */ = {isa = PBXFileReference; lastKnownFileType = sourcecode.swift; path = "diagram+Helper.swift"; sourceTree = "<group>"; };
		0546F0C52F817A250062C81B /* TextTypographyTopic.swift */ = {isa = PBXFileReference; lastKnownFileType = sourcecode.swift; path = TextTypographyTopic.swift; sourceTree = "<group>"; };
		0546F0C72F817C390062C81B /* 1_TextBasics.swift */ = {isa = PBXFileReference; lastKnownFileType = sourcecode.swift; path = 1_TextBasics.swift; sourceTree = "<group>"; };
		0546F0C92F817C4E0062C81B /* 2_TextFormatting.swift */ = {isa = PBXFileReference; lastKnownFileType = sourcecode.swift; path = 2_TextFormatting.swift; sourceTree = "<group>"; };
		0546F0CB2F817C5E0062C81B /* 3_TextTruncation.swift */ = {isa = PBXFileReference; lastKnownFileType = sourcecode.swift; path = 3_TextTruncation.swift; sourceTree = "<group>"; };
		0546F0CD2F817C6F0062C81B /* 4_TextAdvanced.swift */ = {isa = PBXFileReference; lastKnownFileType = sourcecode.swift; path = 4_TextAdvanced.swift; sourceTree = "<group>"; };
		0546F0CF2F817D830062C81B /* 5_DynamicType.swift */ = {isa = PBXFileReference; lastKnownFileType = sourcecode.swift; path = 5_DynamicType.swift; sourceTree = "<group>"; };
		0546F0D12F817D9C0062C81B /* 6_TextPrivacy.swift */ = {isa = PBXFileReference; lastKnownFileType = sourcecode.swift; path = 6_TextPrivacy.swift; sourceTree = "<group>"; };
		054ED8CD2F7118D2003BA047 /* SFSymbolsTopic.swift */ = {isa = PBXFileReference; lastKnownFileType = sourcecode.swift; path = SFSymbolsTopic.swift; sourceTree = "<group>"; };
		054ED8CF2F711945003BA047 /* 1_renderingmodes.swift */ = {isa = PBXFileReference; lastKnownFileType = sourcecode.swift; path = 1_renderingmodes.swift; sourceTree = "<group>"; };
		054ED8D12F711981003BA047 /* 2_layeredsymbols.swift */ = {isa = PBXFileReference; lastKnownFileType = sourcecode.swift; path = 2_layeredsymbols.swift; sourceTree = "<group>"; };
		054ED8D32F7119AC003BA047 /* 3_variablecolor.swift */ = {isa = PBXFileReference; lastKnownFileType = sourcecode.swift; path = 3_variablecolor.swift; sourceTree = "<group>"; };
		054ED8D52F7119D2003BA047 /* 4_weightscale.swift */ = {isa = PBXFileReference; lastKnownFileType = sourcecode.swift; path = 4_weightscale.swift; sourceTree = "<group>"; };
		054ED8D72F711A24003BA047 /* 6_alignment.swift */ = {isa = PBXFileReference; lastKnownFileType = sourcecode.swift; path = 6_alignment.swift; sourceTree = "<group>"; };
		054ED8D92F711A5F003BA047 /* 7_effectsReference.swift */ = {isa = PBXFileReference; lastKnownFileType = sourcecode.swift; path = 7_effectsReference.swift; sourceTree = "<group>"; };
		054ED8DB2F712297003BA047 /* 0_symbolbrowser.swift */ = {isa = PBXFileReference; lastKnownFileType = sourcecode.swift; path = 0_symbolbrowser.swift; sourceTree = "<group>"; };
		055545592F72740A006086F5 /* bottomsheetsTopic.swift */ = {isa = PBXFileReference; lastKnownFileType = sourcecode.swift; path = bottomsheetsTopic.swift; sourceTree = "<group>"; };
		0555455B2F727428006086F5 /* 1_sheetBasics.swift */ = {isa = PBXFileReference; lastKnownFileType = sourcecode.swift; path = 1_sheetBasics.swift; sourceTree = "<group>"; };
		0555455D2F7274C2006086F5 /* 2_detents.swift */ = {isa = PBXFileReference; lastKnownFileType = sourcecode.swift; path = 2_detents.swift; sourceTree = "<group>"; };
		0555455F2F72751A006086F5 /* 3_multipleDetents.swift */ = {isa = PBXFileReference; lastKnownFileType = sourcecode.swift; path = 3_multipleDetents.swift; sourceTree = "<group>"; };
		055545612F727573006086F5 /* 4_dragIndicator.swift */ = {isa = PBXFileReference; lastKnownFileType = sourcecode.swift; path = 4_dragIndicator.swift; sourceTree = "<group>"; };
		055545632F7275D1006086F5 /* 5_backgroundInteraction.swift */ = {isa = PBXFileReference; lastKnownFileType = sourcecode.swift; path = 5_backgroundInteraction.swift; sourceTree = "<group>"; };
		055545652F727664006086F5 /* 6_customBackground.swift */ = {isa = PBXFileReference; lastKnownFileType = sourcecode.swift; path = 6_customBackground.swift; sourceTree = "<group>"; };
		055545672F7276D3006086F5 /* 7_fullScreenCover.swift */ = {isa = PBXFileReference; lastKnownFileType = sourcecode.swift; path = 7_fullScreenCover.swift; sourceTree = "<group>"; };
		055545692F727731006086F5 /* 8_programmaticDismiss.swift */ = {isa = PBXFileReference; lastKnownFileType = sourcecode.swift; path = 8_programmaticDismiss.swift; sourceTree = "<group>"; };
		0555456B2F7277AB006086F5 /* 9_sheetLayout.swift */ = {isa = PBXFileReference; lastKnownFileType = sourcecode.swift; path = 9_sheetLayout.swift; sourceTree = "<group>"; };
		0563753D2F71C08E001E7148 /* ButtonsTopic.swift */ = {isa = PBXFileReference; lastKnownFileType = sourcecode.swift; path = ButtonsTopic.swift; sourceTree = "<group>"; };
		0563753F2F71C0E5001E7148 /* 1_buttonBasics.swift */ = {isa = PBXFileReference; lastKnownFileType = sourcecode.swift; path = 1_buttonBasics.swift; sourceTree = "<group>"; };
		056375412F71C120001E7148 /* 2_buttonStyles.swift */ = {isa = PBXFileReference; lastKnownFileType = sourcecode.swift; path = 2_buttonStyles.swift; sourceTree = "<group>"; };
		056375432F71C16D001E7148 /* 3_customButtonStyle.swift */ = {isa = PBXFileReference; lastKnownFileType = sourcecode.swift; path = 3_customButtonStyle.swift; sourceTree = "<group>"; };
		056375452F71C1BC001E7148 /* 4_buttonLoadingState.swift */ = {isa = PBXFileReference; lastKnownFileType = sourcecode.swift; path = 4_buttonLoadingState.swift; sourceTree = "<group>"; };
		056375472F71C20A001E7148 /* 5_toggleButton.swift */ = {isa = PBXFileReference; lastKnownFileType = sourcecode.swift; path = 5_toggleButton.swift; sourceTree = "<group>"; };
		056375492F71C25A001E7148 /* 6_buttonConfirmation.swift */ = {isa = PBXFileReference; lastKnownFileType = sourcecode.swift; path = 6_buttonConfirmation.swift; sourceTree = "<group>"; };
		0563754B2F71C297001E7148 /* 7_buttonMenu.swift */ = {isa = PBXFileReference; lastKnownFileType = sourcecode.swift; path = 7_buttonMenu.swift; sourceTree = "<group>"; };
		0563754D2F71C2D9001E7148 /* 8_buttonTappableAreas.swift */ = {isa = PBXFileReference; lastKnownFileType = sourcecode.swift; path = 8_buttonTappableAreas.swift; sourceTree = "<group>"; };
		0563754F2F71C31D001E7148 /* 9_buttonLongPress.swift */ = {isa = PBXFileReference; lastKnownFileType = sourcecode.swift; path = 9_buttonLongPress.swift; sourceTree = "<group>"; };
		056375512F71C353001E7148 /* 10_buttonHaptic.swift */ = {isa = PBXFileReference; lastKnownFileType = sourcecode.swift; path = 10_buttonHaptic.swift; sourceTree = "<group>"; };
		05685B752F6A74B4004643FF /* Lesson.swift */ = {isa = PBXFileReference; lastKnownFileType = sourcecode.swift; path = Lesson.swift; sourceTree = "<group>"; };
		05685B902F6A8F9D004643FF /* 1_Sequential.swift */ = {isa = PBXFileReference; lastKnownFileType = sourcecode.swift; path = 1_Sequential.swift; sourceTree = "<group>"; };
		05685B912F6A8F9D004643FF /* 2_Concurrent.swift */ = {isa = PBXFileReference; lastKnownFileType = sourcecode.swift; path = 2_Concurrent.swift; sourceTree = "<group>"; };
		05685B922F6A8F9D004643FF /* 3_RaceCondition.swift */ = {isa = PBXFileReference; lastKnownFileType = sourcecode.swift; path = 3_RaceCondition.swift; sourceTree = "<group>"; };
		05685B932F6A8F9D004643FF /* 4_Actor.swift */ = {isa = PBXFileReference; lastKnownFileType = sourcecode.swift; path = 4_Actor.swift; sourceTree = "<group>"; };
		05685B942F6A8F9D004643FF /* 8_Sendable.swift */ = {isa = PBXFileReference; lastKnownFileType = sourcecode.swift; path = 8_Sendable.swift; sourceTree = "<group>"; };
		05685B962F6A8F9D004643FF /* SharedComponents.swift */ = {isa = PBXFileReference; lastKnownFileType = sourcecode.swift; path = SharedComponents.swift; sourceTree = "<group>"; };
		05685B992F6A8F9D004643FF /* LessonDetailView.swift */ = {isa = PBXFileReference; lastKnownFileType = sourcecode.swift; path = LessonDetailView.swift; sourceTree = "<group>"; };
		05685BA42F6A950E004643FF /* 5_AsyncLet.swift */ = {isa = PBXFileReference; lastKnownFileType = sourcecode.swift; path = 5_AsyncLet.swift; sourceTree = "<group>"; };
		05685BA62F6A9545004643FF /* 6_TaskGroup.swift */ = {isa = PBXFileReference; lastKnownFileType = sourcecode.swift; path = 6_TaskGroup.swift; sourceTree = "<group>"; };
		05685BA82F6A958B004643FF /* 7_Cancellation.swift */ = {isa = PBXFileReference; lastKnownFileType = sourcecode.swift; path = 7_Cancellation.swift; sourceTree = "<group>"; };
		05685BAE2F6AAEFB004643FF /* Protocol.swift */ = {isa = PBXFileReference; lastKnownFileType = sourcecode.swift; path = Protocol.swift; sourceTree = "<group>"; };
		05685BB02F6AAF19004643FF /* TopicRegistry.swift */ = {isa = PBXFileReference; lastKnownFileType = sourcecode.swift; path = TopicRegistry.swift; sourceTree = "<group>"; };
		05685BB22F6AAF3C004643FF /* View+extensions.swift */ = {isa = PBXFileReference; lastKnownFileType = sourcecode.swift; path = "View+extensions.swift"; sourceTree = "<group>"; };
		05685BB42F6AAF98004643FF /* HomeView.swift */ = {isa = PBXFileReference; lastKnownFileType = sourcecode.swift; path = HomeView.swift; sourceTree = "<group>"; };
		05685BB62F6AAFD1004643FF /* TopicDetailView.swift */ = {isa = PBXFileReference; lastKnownFileType = sourcecode.swift; path = TopicDetailView.swift; sourceTree = "<group>"; };
		05685BB82F6AB050004643FF /* ConcurrencyTopic.swift */ = {isa = PBXFileReference; lastKnownFileType = sourcecode.swift; path = ConcurrencyTopic.swift; sourceTree = "<group>"; };
		05685BBD2F6AB688004643FF /* KeyboardTopic.swift */ = {isa = PBXFileReference; lastKnownFileType = sourcecode.swift; path = KeyboardTopic.swift; sourceTree = "<group>"; };
		05685BBF2F6AB6A6004643FF /* 1_keyboardtypes.swift */ = {isa = PBXFileReference; lastKnownFileType = sourcecode.swift; path = 1_keyboardtypes.swift; sourceTree = "<group>"; };
		05685BC12F6AB6EB004643FF /* 2_focusmanagement.swift */ = {isa = PBXFileReference; lastKnownFileType = sourcecode.swift; path = 2_focusmanagement.swift; sourceTree = "<group>"; };
		05685BC32F6AB718004643FF /* 3_keyboardavoidance.swift */ = {isa = PBXFileReference; lastKnownFileType = sourcecode.swift; path = 3_keyboardavoidance.swift; sourceTree = "<group>"; };
		05685BC52F6AB740004643FF /* 4_InputValidation.swift */ = {isa = PBXFileReference; lastKnownFileType = sourcecode.swift; path = 4_InputValidation.swift; sourceTree = "<group>"; };
		05685BC72F6AB76B004643FF /* 5_KeyboardToolbar.swift */ = {isa = PBXFileReference; lastKnownFileType = sourcecode.swift; path = 5_KeyboardToolbar.swift; sourceTree = "<group>"; };
		05685BC92F6AB846004643FF /* 6_ReturnKey.swift */ = {isa = PBXFileReference; lastKnownFileType = sourcecode.swift; path = 6_ReturnKey.swift; sourceTree = "<group>"; };
		057063FE2F82293B00B2512D /* StacksSpacerTopic.swift */ = {isa = PBXFileReference; lastKnownFileType = sourcecode.swift; path = StacksSpacerTopic.swift; sourceTree = "<group>"; };
		057064002F82295C00B2512D /* 1_HStack&VStack.swift */ = {isa = PBXFileReference; lastKnownFileType = sourcecode.swift; path = "1_HStack&VStack.swift"; sourceTree = "<group>"; };
		057064022F8229B200B2512D /* 2_ZStack.swift */ = {isa = PBXFileReference; lastKnownFileType = sourcecode.swift; path = 2_ZStack.swift; sourceTree = "<group>"; };
		057064042F8229D800B2512D /* 3_Spacer&Divider.swift */ = {isa = PBXFileReference; lastKnownFileType = sourcecode.swift; path = "3_Spacer&Divider.swift"; sourceTree = "<group>"; };
		057064062F822A4000B2512D /* 4_Alignment.swift */ = {isa = PBXFileReference; lastKnownFileType = sourcecode.swift; path = 4_Alignment.swift; sourceTree = "<group>"; };
		057064082F822AAE00B2512D /* 5_Frame.swift */ = {isa = PBXFileReference; lastKnownFileType = sourcecode.swift; path = 5_Frame.swift; sourceTree = "<group>"; };
		0570640A2F822B7500B2512D /* 6_Padding&Offset.swift */ = {isa = PBXFileReference; lastKnownFileType = sourcecode.swift; path = "6_Padding&Offset.swift"; sourceTree = "<group>"; };
		058836642F82CF610041B682 /* 7_ViewThatFits.swift */ = {isa = PBXFileReference; lastKnownFileType = sourcecode.swift; path = 7_ViewThatFits.swift; sourceTree = "<group>"; };
		058836662F82CFF30041B682 /* 8_LayoutPriority.swift */ = {isa = PBXFileReference; lastKnownFileType = sourcecode.swift; path = 8_LayoutPriority.swift; sourceTree = "<group>"; };
		05AED1122F80E56E00E3C2BE /* ListforeachTopic.swift */ = {isa = PBXFileReference; lastKnownFileType = sourcecode.swift; path = ListforeachTopic.swift; sourceTree = "<group>"; };
		05AED1142F80E59B00E3C2BE /* 1_ForEachBasics.swift */ = {isa = PBXFileReference; lastKnownFileType = sourcecode.swift; path = 1_ForEachBasics.swift; sourceTree = "<group>"; };
		05AED1162F80E62F00E3C2BE /* 2_ListBasics.swift */ = {isa = PBXFileReference; lastKnownFileType = sourcecode.swift; path = 2_ListBasics.swift; sourceTree = "<group>"; };
		05AED1182F80E67100E3C2BE /* 3_Sections.swift */ = {isa = PBXFileReference; lastKnownFileType = sourcecode.swift; path = 3_Sections.swift; sourceTree = "<group>"; };
		05AED11A2F80E6B300E3C2BE /* 4_SwipeActions.swift */ = {isa = PBXFileReference; lastKnownFileType = sourcecode.swift; path = 4_SwipeActions.swift; sourceTree = "<group>"; };
		05AED11C2F80E6EA00E3C2BE /* 5_EditMode.swift */ = {isa = PBXFileReference; lastKnownFileType = sourcecode.swift; path = 5_EditMode.swift; sourceTree = "<group>"; };
		05AED11E2F80E71F00E3C2BE /* 6_DynamicData.swift */ = {isa = PBXFileReference; lastKnownFileType = sourcecode.swift; path = 6_DynamicData.swift; sourceTree = "<group>"; };
		05AED1202F80E75000E3C2BE /* 7_RowCustomization.swift */ = {isa = PBXFileReference; lastKnownFileType = sourcecode.swift; path = 7_RowCustomization.swift; sourceTree = "<group>"; };
		05AED1222F80E78700E3C2BE /* 8_Performance.swift */ = {isa = PBXFileReference; lastKnownFileType = sourcecode.swift; path = 8_Performance.swift; sourceTree = "<group>"; };
		05B1497A2F7F8B1B00F00B04 /* 8_commonMistakes.swift */ = {isa = PBXFileReference; lastKnownFileType = sourcecode.swift; path = 8_commonMistakes.swift; sourceTree = "<group>"; };
		05B1497C2F7F8BBE00F00B04 /* 7_sheetsInNavigation.swift */ = {isa = PBXFileReference; lastKnownFileType = sourcecode.swift; path = 7_sheetsInNavigation.swift; sourceTree = "<group>"; };
		05B1497E2F7F8C2D00F00B04 /* 5_navigationBar.swift */ = {isa = PBXFileReference; lastKnownFileType = sourcecode.swift; path = 5_navigationBar.swift; sourceTree = "<group>"; };
		05B149802F7F91C500F00B04 /* 6_navigationSplitView.swift */ = {isa = PBXFileReference; lastKnownFileType = sourcecode.swift; path = 6_navigationSplitView.swift; sourceTree = "<group>"; };
		05B149822F7F91F600F00B04 /* NavigationstackTopic.swift */ = {isa = PBXFileReference; lastKnownFileType = sourcecode.swift; path = NavigationstackTopic.swift; sourceTree = "<group>"; };
		05B149842F7F925400F00B04 /* 3_navPath.swift */ = {isa = PBXFileReference; lastKnownFileType = sourcecode.swift; path = 3_navPath.swift; sourceTree = "<group>"; };
		05B149862F7F92A800F00B04 /* 4_deepLinking.swift */ = {isa = PBXFileReference; lastKnownFileType = sourcecode.swift; path = 4_deepLinking.swift; sourceTree = "<group>"; };
		05B149882F7F930D00F00B04 /* 2_typedNav.swift */ = {isa = PBXFileReference; lastKnownFileType = sourcecode.swift; path = 2_typedNav.swift; sourceTree = "<group>"; };
		05B1498A2F7F93BD00F00B04 /* 1_stack_Basics.swift */ = {isa = PBXFileReference; lastKnownFileType = sourcecode.swift; path = 1_stack_Basics.swift; sourceTree = "<group>"; };
		05D8242C2F6B310300A81A2F /* MaskingTopic.swift */ = {isa = PBXFileReference; lastKnownFileType = sourcecode.swift; path = MaskingTopic.swift; sourceTree = "<group>"; };
		05D8242E2F6B311F00A81A2F /* 1_maskIntro.swift */ = {isa = PBXFileReference; lastKnownFileType = sourcecode.swift; path = 1_maskIntro.swift; sourceTree = "<group>"; };
		05D824342F6B3BB000A81A2F /* 2_basicMask.swift */ = {isa = PBXFileReference; lastKnownFileType = sourcecode.swift; path = 2_basicMask.swift; sourceTree = "<group>"; };
		05D824362F6B3BC700A81A2F /* 3_clipShapes.swift */ = {isa = PBXFileReference; lastKnownFileType = sourcecode.swift; path = 3_clipShapes.swift; sourceTree = "<group>"; };
		05D824382F6B3BD800A81A2F /* 4_gradientMask.swift */ = {isa = PBXFileReference; lastKnownFileType = sourcecode.swift; path = 4_gradientMask.swift; sourceTree = "<group>"; };
		05D8243A2F6B3BF400A81A2F /* 5_invertedMask.swift */ = {isa = PBXFileReference; lastKnownFileType = sourcecode.swift; path = 5_invertedMask.swift; sourceTree = "<group>"; };
		05D8243C2F6B3C4E00A81A2F /* 6_LuminanceAlpha.swift */ = {isa = PBXFileReference; lastKnownFileType = sourcecode.swift; path = 6_LuminanceAlpha.swift; sourceTree = "<group>"; };
		05D8243E2F6B3C7200A81A2F /* 7_TextMask.swift */ = {isa = PBXFileReference; lastKnownFileType = sourcecode.swift; path = 7_TextMask.swift; sourceTree = "<group>"; };
		05D824402F6B3C8500A81A2F /* 8_AnimatedReveal.swift */ = {isa = PBXFileReference; lastKnownFileType = sourcecode.swift; path = 8_AnimatedReveal.swift; sourceTree = "<group>"; };
		05D824422F6B3CA600A81A2F /* 9_PathMask.swift */ = {isa = PBXFileReference; lastKnownFileType = sourcecode.swift; path = 9_PathMask.swift; sourceTree = "<group>"; };
		C80B1C322C6646FA002ED295 /* SwiftUI Topics.app */ = {isa = PBXFileReference; explicitFileType = wrapper.application; includeInIndex = 0; path = "SwiftUI Topics.app"; sourceTree = BUILT_PRODUCTS_DIR; };
		C80B1C352C6646FA002ED295 /* SwiftUI_TopicsApp.swift */ = {isa = PBXFileReference; lastKnownFileType = sourcecode.swift; path = SwiftUI_TopicsApp.swift; sourceTree = "<group>"; };
		C80B1C392C6646FE002ED295 /* Assets.xcassets */ = {isa = PBXFileReference; lastKnownFileType = folder.assetcatalog; path = Assets.xcassets; sourceTree = "<group>"; };
		C80B1C3C2C6646FE002ED295 /* Preview Assets.xcassets */ = {isa = PBXFileReference; lastKnownFileType = folder.assetcatalog; path = "Preview Assets.xcassets"; sourceTree = "<group>"; };
/* End PBXFileReference section */

/* Begin PBXFrameworksBuildPhase section */
		C80B1C2F2C6646FA002ED295 /* Frameworks */ = {
			isa = PBXFrameworksBuildPhase;
			buildActionMask = 2147483647;
			files = (
			);
			runOnlyForDeploymentPostprocessing = 0;
		};
/* End PBXFrameworksBuildPhase section */

/* Begin PBXGroup section */
		051191862F6FE2220089F2FF /* Animations */ = {
			isa = PBXGroup;
			children = (
				0511919E2F6FFB050089F2FF /* 1_AnimBasics.swift */,
				051191892F6FE2490089F2FF /* 2_Spring.swift */,
				051191A02F6FFB610089F2FF /* 3_TimingCurve.swift */,
				0511918B2F6FE2610089F2FF /* 4_Repeat.swift */,
				051191A22F6FFB970089F2FF /* 5_PhaseAnimator.swift */,
				0511918D2F6FE2700089F2FF /* 6_KeyframeAnimator.swift */,
				051191A42F6FFBCF0089F2FF /* 7_SymbolEffect.swift */,
				0511918F2F6FE27F0089F2FF /* 8_ContentTransition.swift */,
				051191A62F6FFC230089F2FF /* 9_MatchedGeometry.swift */,
				0511919C2F6FEAE10089F2FF /* 10_CustomTransition.swift */,
				051191912F6FE9D00089F2FF /* 11_ scrollanim.swift */,
				051191A82F6FFC6E0089F2FF /* 12_AnimatableShapes.swift */,
				051191932F6FEA870089F2FF /* 13_GeometryEffect.swift */,
				051191AA2F6FFCC60089F2FF /* 14_TimelineView.swift */,
				051191952F6FEA950089F2FF /* 15_Transaction.swift */,
				051191AC2F6FFCF10089F2FF /* 16_DrawingGroup.swift */,
				051191972F6FEAB20089F2FF /* 17_ScopedAnimation.swift */,
				051191872F6FE22C0089F2FF /* AnimationsTopic.swift */,
			);
			path = Animations;
			sourceTree = "<group>";
		};
		051695FC2EE0A5A50017DCC8 /* App */ = {
			isa = PBXGroup;
			children = (
				C80B1C352C6646FA002ED295 /* SwiftUI_TopicsApp.swift */,
			);
			path = App;
			sourceTree = "<group>";
		};
		0518ADE12F6B1BFF00BA2F73 /* BlendModes Lessons */ = {
			isa = PBXGroup;
			children = (
				0518ADE22F6B1C2600BA2F73 /* BlendmodesTopic.swift */,
				0518ADE62F6B1D4200BA2F73 /* Blendcategoryvisual.swift */,
				0518ADE42F6B1D1D00BA2F73 /* 1_blendintro.swift */,
			);
			path = "BlendModes Lessons";
			sourceTree = "<group>";
		};
		051C4A712F7D14140003C63A /* StateBinding */ = {
			isa = PBXGroup;
			children = (
				051C4A722F7D14200003C63A /* StatebindingTopic.swift */,
				051C4A742F7D14380003C63A /* 1_stateBasics.swift */,
				051C4A762F7D14B00003C63A /* 2_statePlain.swift */,
				051C4A792F7D154D0003C63A /* 3_binding.swift */,
				051C4A7B2F7D15E40003C63A /* 4_derived.swift */,
				051C4A812F7D16250003C63A /* 5_environment.swift */,
				051C4A832F7D16CD0003C63A /* 6_observable.swift */,
				051C4A852F7D17050003C63A /* 7_stateObjectVSObservedObject.swift */,
				051C4A872F7D17350003C63A /* 8_multipleSources.swift */,
			);
			path = StateBinding;
			sourceTree = "<group>";
		};
		051FDFB82F4732330013F19E /* Extensions */ = {
			isa = PBXGroup;
			children = (
				05685BB22F6AAF3C004643FF /* View+extensions.swift */,
				051FDFB92F47323B0013F19E /* Color+Hex.swift */,
			);
			path = Extensions;
			sourceTree = "<group>";
		};
		0546F0C42F817A160062C81B /* Text & Typography */ = {
			isa = PBXGroup;
			children = (
				0546F0C52F817A250062C81B /* TextTypographyTopic.swift */,
				0546F0C72F817C390062C81B /* 1_TextBasics.swift */,
				0546F0C92F817C4E0062C81B /* 2_TextFormatting.swift */,
				0546F0CB2F817C5E0062C81B /* 3_TextTruncation.swift */,
				0546F0CD2F817C6F0062C81B /* 4_TextAdvanced.swift */,
				0546F0CF2F817D830062C81B /* 5_DynamicType.swift */,
				0546F0D12F817D9C0062C81B /* 6_TextPrivacy.swift */,
			);
			path = "Text & Typography";
			sourceTree = "<group>";
		};
		054ED8CC2F7117F7003BA047 /* SF Symbols */ = {
			isa = PBXGroup;
			children = (
				054ED8CD2F7118D2003BA047 /* SFSymbolsTopic.swift */,
				054ED8DB2F712297003BA047 /* 0_symbolbrowser.swift */,
				054ED8CF2F711945003BA047 /* 1_renderingmodes.swift */,
				054ED8D12F711981003BA047 /* 2_layeredsymbols.swift */,
				054ED8D32F7119AC003BA047 /* 3_variablecolor.swift */,
				054ED8D52F7119D2003BA047 /* 4_weightscale.swift */,
				051499AF2F715CFC00EE4E83 /* 5_variants.swift */,
				054ED8D72F711A24003BA047 /* 6_alignment.swift */,
				054ED8D92F711A5F003BA047 /* 7_effectsReference.swift */,
				051499B32F715F1600EE4E83 /* 8_accessibility.swift */,
				051499B12F715E7B00EE4E83 /* 9_customSymbol.swift */,
			);
			path = "SF Symbols";
			sourceTree = "<group>";
		};
		055545582F7273FF006086F5 /* BottomSheets */ = {
			isa = PBXGroup;
			children = (
				055545592F72740A006086F5 /* bottomsheetsTopic.swift */,
				0555455B2F727428006086F5 /* 1_sheetBasics.swift */,
				0555455D2F7274C2006086F5 /* 2_detents.swift */,
				0555455F2F72751A006086F5 /* 3_multipleDetents.swift */,
				055545612F727573006086F5 /* 4_dragIndicator.swift */,
				055545632F7275D1006086F5 /* 5_backgroundInteraction.swift */,
				055545652F727664006086F5 /* 6_customBackground.swift */,
				055545672F7276D3006086F5 /* 7_fullScreenCover.swift */,
				055545692F727731006086F5 /* 8_programmaticDismiss.swift */,
				0555456B2F7277AB006086F5 /* 9_sheetLayout.swift */,
			);
			path = BottomSheets;
			sourceTree = "<group>";
		};
		05685B8D2F6A8F60004643FF /* Models */ = {
			isa = PBXGroup;
			children = (
				05685BB02F6AAF19004643FF /* TopicRegistry.swift */,
				05685BAE2F6AAEFB004643FF /* Protocol.swift */,
				05685B752F6A74B4004643FF /* Lesson.swift */,
			);
			path = Models;
			sourceTree = "<group>";
		};
		05685B9B2F6A8F9D004643FF /* Concurrency Lessons */ = {
			isa = PBXGroup;
			children = (
				05685BB82F6AB050004643FF /* ConcurrencyTopic.swift */,
				05685B902F6A8F9D004643FF /* 1_Sequential.swift */,
				05685B912F6A8F9D004643FF /* 2_Concurrent.swift */,
				05685B922F6A8F9D004643FF /* 3_RaceCondition.swift */,
				05685B932F6A8F9D004643FF /* 4_Actor.swift */,
				05685BA42F6A950E004643FF /* 5_AsyncLet.swift */,
				05685BA62F6A9545004643FF /* 6_TaskGroup.swift */,
				05685BA82F6A958B004643FF /* 7_Cancellation.swift */,
				05685B942F6A8F9D004643FF /* 8_Sendable.swift */,
			);
			path = "Concurrency Lessons";
			sourceTree = "<group>";
		};
		05685BAC2F6AACC9004643FF /* Home */ = {
			isa = PBXGroup;
			children = (
				05685BB42F6AAF98004643FF /* HomeView.swift */,
			);
			path = Home;
			sourceTree = "<group>";
		};
		05685BAD2F6AACE6004643FF /* Components */ = {
			isa = PBXGroup;
			children = (
				0518ADEA2F6B2A6700BA2F73 /* CodeBlock.swift */,
				05685B962F6A8F9D004643FF /* SharedComponents.swift */,
			);
			path = Components;
			sourceTree = "<group>";
		};
		05685BBC2F6AB66A004643FF /* Keyboard Lessons */ = {
			isa = PBXGroup;
			children = (
				05685BBD2F6AB688004643FF /* KeyboardTopic.swift */,
				05685BC92F6AB846004643FF /* 6_ReturnKey.swift */,
				05685BC72F6AB76B004643FF /* 5_KeyboardToolbar.swift */,
				05685BC52F6AB740004643FF /* 4_InputValidation.swift */,
				05685BC32F6AB718004643FF /* 3_keyboardavoidance.swift */,
				05685BC12F6AB6EB004643FF /* 2_focusmanagement.swift */,
				05685BBF2F6AB6A6004643FF /* 1_keyboardtypes.swift */,
			);
			path = "Keyboard Lessons";
			sourceTree = "<group>";
		};
		057063FD2F82291C00B2512D /* Stacks & Spacer */ = {
			isa = PBXGroup;
			children = (
				057063FE2F82293B00B2512D /* StacksSpacerTopic.swift */,
				057064002F82295C00B2512D /* 1_HStack&VStack.swift */,
				057064022F8229B200B2512D /* 2_ZStack.swift */,
				057064042F8229D800B2512D /* 3_Spacer&Divider.swift */,
				057064062F822A4000B2512D /* 4_Alignment.swift */,
				057064082F822AAE00B2512D /* 5_Frame.swift */,
				0570640A2F822B7500B2512D /* 6_Padding&Offset.swift */,
				058836642F82CF610041B682 /* 7_ViewThatFits.swift */,
				058836662F82CFF30041B682 /* 8_LayoutPriority.swift */,
			);
			path = "Stacks & Spacer";
			sourceTree = "<group>";
		};
		059799FC2F06585800905892 /* Buttons */ = {
			isa = PBXGroup;
			children = (
				0563753D2F71C08E001E7148 /* ButtonsTopic.swift */,
				0563753F2F71C0E5001E7148 /* 1_buttonBasics.swift */,
				056375412F71C120001E7148 /* 2_buttonStyles.swift */,
				056375432F71C16D001E7148 /* 3_customButtonStyle.swift */,
				056375452F71C1BC001E7148 /* 4_buttonLoadingState.swift */,
				056375472F71C20A001E7148 /* 5_toggleButton.swift */,
				056375492F71C25A001E7148 /* 6_buttonConfirmation.swift */,
				0563754B2F71C297001E7148 /* 7_buttonMenu.swift */,
				0563754D2F71C2D9001E7148 /* 8_buttonTappableAreas.swift */,
				0563754F2F71C31D001E7148 /* 9_buttonLongPress.swift */,
				056375512F71C353001E7148 /* 10_buttonHaptic.swift */,
			);
			path = Buttons;
			sourceTree = "<group>";
		};
		05AED1112F80E56300E3C2BE /* ListForeach */ = {
			isa = PBXGroup;
			children = (
				05AED1122F80E56E00E3C2BE /* ListforeachTopic.swift */,
				05AED1142F80E59B00E3C2BE /* 1_ForEachBasics.swift */,
				05AED1162F80E62F00E3C2BE /* 2_ListBasics.swift */,
				05AED1182F80E67100E3C2BE /* 3_Sections.swift */,
				05AED11A2F80E6B300E3C2BE /* 4_SwipeActions.swift */,
				05AED11C2F80E6EA00E3C2BE /* 5_EditMode.swift */,
				05AED11E2F80E71F00E3C2BE /* 6_DynamicData.swift */,
				05AED1202F80E75000E3C2BE /* 7_RowCustomization.swift */,
				05AED1222F80E78700E3C2BE /* 8_Performance.swift */,
			);
			path = ListForeach;
			sourceTree = "<group>";
		};
		05B149792F7F8B0500F00B04 /* NavigationStack */ = {
			isa = PBXGroup;
			children = (
				05B149822F7F91F600F00B04 /* NavigationstackTopic.swift */,
				05235D8F2F7FDF090002614B /* diagram+Helper.swift */,
				05B1498A2F7F93BD00F00B04 /* 1_stack_Basics.swift */,
				05B149882F7F930D00F00B04 /* 2_typedNav.swift */,
				05B149842F7F925400F00B04 /* 3_navPath.swift */,
				05B149862F7F92A800F00B04 /* 4_deepLinking.swift */,
				05B1497E2F7F8C2D00F00B04 /* 5_navigationBar.swift */,
				05B149802F7F91C500F00B04 /* 6_navigationSplitView.swift */,
				05B1497C2F7F8BBE00F00B04 /* 7_sheetsInNavigation.swift */,
				05B1497A2F7F8B1B00F00B04 /* 8_commonMistakes.swift */,
			);
			path = NavigationStack;
			sourceTree = "<group>";
		};
		05D8242B2F6B30E700A81A2F /* Masking Lessons */ = {
			isa = PBXGroup;
			children = (
				05D824422F6B3CA600A81A2F /* 9_PathMask.swift */,
				05D824402F6B3C8500A81A2F /* 8_AnimatedReveal.swift */,
				05D8243E2F6B3C7200A81A2F /* 7_TextMask.swift */,
				05D8243C2F6B3C4E00A81A2F /* 6_LuminanceAlpha.swift */,
				05D8243A2F6B3BF400A81A2F /* 5_invertedMask.swift */,
				05D824382F6B3BD800A81A2F /* 4_gradientMask.swift */,
				05D824362F6B3BC700A81A2F /* 3_clipShapes.swift */,
				05D824342F6B3BB000A81A2F /* 2_basicMask.swift */,
				05D8242E2F6B311F00A81A2F /* 1_maskIntro.swift */,
				05D8242C2F6B310300A81A2F /* MaskingTopic.swift */,
			);
			path = "Masking Lessons";
			sourceTree = "<group>";
		};
		C80B1C292C6646FA002ED295 = {
			isa = PBXGroup;
			children = (
				0516960B2EE1B1F60017DCC8 /* SwiftUI-Topics-Info.plist */,
				C80B1C342C6646FA002ED295 /* SwiftUI Topics */,
				C80B1C332C6646FA002ED295 /* Products */,
			);
			sourceTree = "<group>";
		};
		C80B1C332C6646FA002ED295 /* Products */ = {
			isa = PBXGroup;
			children = (
				C80B1C322C6646FA002ED295 /* SwiftUI Topics.app */,
			);
			name = Products;
			sourceTree = "<group>";
		};
		C80B1C342C6646FA002ED295 /* SwiftUI Topics */ = {
			isa = PBXGroup;
			children = (
				051695FC2EE0A5A50017DCC8 /* App */,
				05685B8D2F6A8F60004643FF /* Models */,
				051FDFB82F4732330013F19E /* Extensions */,
				C80B1C432C664725002ED295 /* Views */,
				C8B046B22DBE3A330088D969 /* Resource */,
				C80B1C3B2C6646FE002ED295 /* Preview Content */,
			);
			path = "SwiftUI Topics";
			sourceTree = "<group>";
		};
		C80B1C3B2C6646FE002ED295 /* Preview Content */ = {
			isa = PBXGroup;
			children = (
				C80B1C3C2C6646FE002ED295 /* Preview Assets.xcassets */,
			);
			path = "Preview Content";
			sourceTree = "<group>";
		};
		C80B1C432C664725002ED295 /* Views */ = {
			isa = PBXGroup;
			children = (
				05685BAD2F6AACE6004643FF /* Components */,
				05685BAC2F6AACC9004643FF /* Home */,
				C8B046B12DBE39FA0088D969 /* Topics */,
			);
			path = Views;
			sourceTree = "<group>";
		};
		C8B046B12DBE39FA0088D969 /* Topics */ = {
			isa = PBXGroup;
			children = (
				057063FD2F82291C00B2512D /* Stacks & Spacer */,
				0546F0C42F817A160062C81B /* Text & Typography */,
				05AED1112F80E56300E3C2BE /* ListForeach */,
				05B149792F7F8B0500F00B04 /* NavigationStack */,
				05685BB62F6AAFD1004643FF /* TopicDetailView.swift */,
				05685B992F6A8F9D004643FF /* LessonDetailView.swift */,
				051C4A712F7D14140003C63A /* StateBinding */,
				055545582F7273FF006086F5 /* BottomSheets */,
				054ED8CC2F7117F7003BA047 /* SF Symbols */,
				051191862F6FE2220089F2FF /* Animations */,
				05D8242B2F6B30E700A81A2F /* Masking Lessons */,
				0518ADE12F6B1BFF00BA2F73 /* BlendModes Lessons */,
				05685B9B2F6A8F9D004643FF /* Concurrency Lessons */,
				05685BBC2F6AB66A004643FF /* Keyboard Lessons */,
				059799FC2F06585800905892 /* Buttons */,
			);
			path = Topics;
			sourceTree = "<group>";
		};
		C8B046B22DBE3A330088D969 /* Resource */ = {
			isa = PBXGroup;
			children = (
				C80B1C392C6646FE002ED295 /* Assets.xcassets */,
			);
			path = Resource;
			sourceTree = "<group>";
		};
/* End PBXGroup section */

/* Begin PBXNativeTarget section */
		C80B1C312C6646FA002ED295 /* SwiftUI Topics */ = {
			isa = PBXNativeTarget;
			buildConfigurationList = C80B1C402C6646FE002ED295 /* Build configuration list for PBXNativeTarget "SwiftUI Topics" */;
			buildPhases = (
				C80B1C2E2C6646FA002ED295 /* Sources */,
				C80B1C2F2C6646FA002ED295 /* Frameworks */,
				C80B1C302C6646FA002ED295 /* Resources */,
			);
			buildRules = (
			);
			dependencies = (
			);
			name = "SwiftUI Topics";
			productName = "SwiftUI Topics";
			productReference = C80B1C322C6646FA002ED295 /* SwiftUI Topics.app */;
			productType = "com.apple.product-type.application";
		};
/* End PBXNativeTarget section */

/* Begin PBXProject section */
		C80B1C2A2C6646FA002ED295 /* Project object */ = {
			isa = PBXProject;
			attributes = {
				BuildIndependentTargetsInParallel = 1;
				LastSwiftUpdateCheck = 1420;
				LastUpgradeCheck = 2610;
				TargetAttributes = {
					C80B1C312C6646FA002ED295 = {
						CreatedOnToolsVersion = 14.2;
					};
				};
			};
			buildConfigurationList = C80B1C2D2C6646FA002ED295 /* Build configuration list for PBXProject "SwiftUI Topics" */;
			compatibilityVersion = "Xcode 14.0";
			developmentRegion = en;
			hasScannedForEncodings = 0;
			knownRegions = (
				en,
				Base,
			);
			mainGroup = C80B1C292C6646FA002ED295;
			productRefGroup = C80B1C332C6646FA002ED295 /* Products */;
			projectDirPath = "";
			projectRoot = "";
			targets = (
				C80B1C312C6646FA002ED295 /* SwiftUI Topics */,
			);
		};
/* End PBXProject section */

/* Begin PBXResourcesBuildPhase section */
		C80B1C302C6646FA002ED295 /* Resources */ = {
			isa = PBXResourcesBuildPhase;
			buildActionMask = 2147483647;
			files = (
				C80B1C3D2C6646FE002ED295 /* Preview Assets.xcassets in Resources */,
				C80B1C3A2C6646FE002ED295 /* Assets.xcassets in Resources */,
			);
			runOnlyForDeploymentPostprocessing = 0;
		};
/* End PBXResourcesBuildPhase section */

/* Begin PBXSourcesBuildPhase section */
		C80B1C2E2C6646FA002ED295 /* Sources */ = {
			isa = PBXSourcesBuildPhase;
			buildActionMask = 2147483647;
			files = (
				05685B772F6A74B5004643FF /* Lesson.swift in Sources */,
				055545622F727578006086F5 /* 4_dragIndicator.swift in Sources */,
				051191A52F6FFBD80089F2FF /* 7_SymbolEffect.swift in Sources */,
				05B1497D2F7F8BCC00F00B04 /* 7_sheetsInNavigation.swift in Sources */,
				05AED11D2F80E6EF00E3C2BE /* 5_EditMode.swift in Sources */,
				051499B02F715CFF00EE4E83 /* 5_variants.swift in Sources */,
				051C4A7A2F7D15590003C63A /* 3_binding.swift in Sources */,
				051C4A7C2F7D15E80003C63A /* 4_derived.swift in Sources */,
				056375462F71C1C6001E7148 /* 4_buttonLoadingState.swift in Sources */,
				0555456C2F7277B1006086F5 /* 9_sheetLayout.swift in Sources */,
				057064072F822A4200B2512D /* 4_Alignment.swift in Sources */,
				0518ADE52F6B1D2400BA2F73 /* 1_blendintro.swift in Sources */,
				05AED1132F80E57200E3C2BE /* ListforeachTopic.swift in Sources */,
				05685BC02F6AB6B9004643FF /* 1_keyboardtypes.swift in Sources */,
				0563754E2F71C2E2001E7148 /* 8_buttonTappableAreas.swift in Sources */,
				056375402F71C0ED001E7148 /* 1_buttonBasics.swift in Sources */,
				05AED1172F80E63900E3C2BE /* 2_ListBasics.swift in Sources */,
				05B1498B2F7F93C500F00B04 /* 1_stack_Basics.swift in Sources */,
				05685BB52F6AAF9C004643FF /* HomeView.swift in Sources */,
				051191AB2F6FFCCC0089F2FF /* 14_TimelineView.swift in Sources */,
				051191A92F6FFC730089F2FF /* 12_AnimatableShapes.swift in Sources */,
				0511918C2F6FE2620089F2FF /* 4_Repeat.swift in Sources */,
				05AED1232F80E78C00E3C2BE /* 8_Performance.swift in Sources */,
				05685BB32F6AAF3D004643FF /* View+extensions.swift in Sources */,
				051499B22F715E8200EE4E83 /* 9_customSymbol.swift in Sources */,
				057064052F8229DE00B2512D /* 3_Spacer&Divider.swift in Sources */,
				057063FF2F82293D00B2512D /* StacksSpacerTopic.swift in Sources */,
				05685BCA2F6AB84A004643FF /* 6_ReturnKey.swift in Sources */,
				0511919F2F6FFB0B0089F2FF /* 1_AnimBasics.swift in Sources */,
				05685BA72F6A954C004643FF /* 6_TaskGroup.swift in Sources */,
				05D8242F2F6B312000A81A2F /* 1_maskIntro.swift in Sources */,
				054ED8CE2F7118D4003BA047 /* SFSymbolsTopic.swift in Sources */,
				051C4A822F7D162B0003C63A /* 5_environment.swift in Sources */,
				05D824412F6B3C9100A81A2F /* 8_AnimatedReveal.swift in Sources */,
				05B149832F7F91FA00F00B04 /* NavigationstackTopic.swift in Sources */,
				05685BC62F6AB740004643FF /* 4_InputValidation.swift in Sources */,
				05B1497B2F7F8B5900F00B04 /* 8_commonMistakes.swift in Sources */,
				051191942F6FEA880089F2FF /* 13_GeometryEffect.swift in Sources */,
				0570640B2F822B7B00B2512D /* 6_Padding&Offset.swift in Sources */,
				051499B42F715F1F00EE4E83 /* 8_accessibility.swift in Sources */,
				051191902F6FE2800089F2FF /* 8_ContentTransition.swift in Sources */,
				054ED8D82F711A28003BA047 /* 6_alignment.swift in Sources */,
				056375502F71C323001E7148 /* 9_buttonLongPress.swift in Sources */,
				05AED1192F80E67800E3C2BE /* 3_Sections.swift in Sources */,
				051191A32F6FFB990089F2FF /* 5_PhaseAnimator.swift in Sources */,
				0518ADEB2F6B2A6900BA2F73 /* CodeBlock.swift in Sources */,
				054ED8D02F71194B003BA047 /* 1_renderingmodes.swift in Sources */,
				0511919D2F6FEAE20089F2FF /* 10_CustomTransition.swift in Sources */,
				0563753E2F71C092001E7148 /* ButtonsTopic.swift in Sources */,
				054ED8D42F7119B0003BA047 /* 3_variablecolor.swift in Sources */,
				0555456A2F72773A006086F5 /* 8_programmaticDismiss.swift in Sources */,
				051191A72F6FFC280089F2FF /* 9_MatchedGeometry.swift in Sources */,
				05235D902F7FDF0B0002614B /* diagram+Helper.swift in Sources */,
				051C4A882F7D17400003C63A /* 8_multipleSources.swift in Sources */,
				057064092F822AB600B2512D /* 5_Frame.swift in Sources */,
				051191AD2F6FFCF40089F2FF /* 16_DrawingGroup.swift in Sources */,
				05AED11F2F80E72400E3C2BE /* 6_DynamicData.swift in Sources */,
				05685BAF2F6AAF00004643FF /* Protocol.swift in Sources */,
				055545642F7275DB006086F5 /* 5_backgroundInteraction.swift in Sources */,
				0518ADE72F6B1D4300BA2F73 /* Blendcategoryvisual.swift in Sources */,
				051C4A732F7D14240003C63A /* StatebindingTopic.swift in Sources */,
				0563754A2F71C261001E7148 /* 6_buttonConfirmation.swift in Sources */,
				0546F0D02F817D840062C81B /* 5_DynamicType.swift in Sources */,
				05685BB72F6AAFD1004643FF /* TopicDetailView.swift in Sources */,
				0511918A2F6FE24A0089F2FF /* 2_Spring.swift in Sources */,
				0555455A2F72740F006086F5 /* bottomsheetsTopic.swift in Sources */,
				051191922F6FE9EE0089F2FF /* 11_ scrollanim.swift in Sources */,
				051191882F6FE2300089F2FF /* AnimationsTopic.swift in Sources */,
				05B149812F7F91CC00F00B04 /* 6_navigationSplitView.swift in Sources */,
				05D824352F6B3BBB00A81A2F /* 2_basicMask.swift in Sources */,
				05685BC82F6AB771004643FF /* 5_KeyboardToolbar.swift in Sources */,
				056375422F71C12C001E7148 /* 2_buttonStyles.swift in Sources */,
				C80B1C362C6646FA002ED295 /* SwiftUI_TopicsApp.swift in Sources */,
				056375482F71C21D001E7148 /* 5_toggleButton.swift in Sources */,
				051FDFBA2F47324A0013F19E /* Color+Hex.swift in Sources */,
				051191A12F6FFB630089F2FF /* 3_TimingCurve.swift in Sources */,
				057064012F82296300B2512D /* 1_HStack&VStack.swift in Sources */,
				0546F0CE2F817C700062C81B /* 4_TextAdvanced.swift in Sources */,
				057064032F8229B500B2512D /* 2_ZStack.swift in Sources */,
				05D8243D2F6B3C6200A81A2F /* 6_LuminanceAlpha.swift in Sources */,
				0563754C2F71C2A2001E7148 /* 7_buttonMenu.swift in Sources */,
				05685BC22F6AB6EE004643FF /* 2_focusmanagement.swift in Sources */,
				05D824392F6B3BEA00A81A2F /* 4_gradientMask.swift in Sources */,
				0511918E2F6FE2710089F2FF /* 6_KeyframeAnimator.swift in Sources */,
				05685BA52F6A9518004643FF /* 5_AsyncLet.swift in Sources */,
				054ED8D22F711984003BA047 /* 2_layeredsymbols.swift in Sources */,
				05B1497F2F7F8C3D00F00B04 /* 5_navigationBar.swift in Sources */,
				051C4A862F7D171C0003C63A /* 7_stateObjectVSObservedObject.swift in Sources */,
				05685BC42F6AB71C004643FF /* 3_keyboardavoidance.swift in Sources */,
				051C4A842F7D16D60003C63A /* 6_observable.swift in Sources */,
				05B149872F7F92AE00F00B04 /* 4_deepLinking.swift in Sources */,
				054ED8DC2F71229C003BA047 /* 0_symbolbrowser.swift in Sources */,
				05685B9C2F6A8F9D004643FF /* 1_Sequential.swift in Sources */,
				05B149852F7F925C00F00B04 /* 3_navPath.swift in Sources */,
				0555455C2F727430006086F5 /* 1_sheetBasics.swift in Sources */,
				0546F0C62F817A270062C81B /* TextTypographyTopic.swift in Sources */,
				05AED11B2F80E6B800E3C2BE /* 4_SwipeActions.swift in Sources */,
				05685B9D2F6A8F9D004643FF /* 2_Concurrent.swift in Sources */,
				058836672F82CFFB0041B682 /* 8_LayoutPriority.swift in Sources */,
				0546F0CC2F817C5F0062C81B /* 3_TextTruncation.swift in Sources */,
				05685BB12F6AAF1A004643FF /* TopicRegistry.swift in Sources */,
				05AED1152F80E5A400E3C2BE /* 1_ForEachBasics.swift in Sources */,
				051C4A772F7D14B50003C63A /* 2_statePlain.swift in Sources */,
				05D8243B2F6B3BFD00A81A2F /* 5_invertedMask.swift in Sources */,
				054ED8DA2F711A63003BA047 /* 7_effectsReference.swift in Sources */,
				05D824432F6B3CAE00A81A2F /* 9_PathMask.swift in Sources */,
				05D824372F6B3BD100A81A2F /* 3_clipShapes.swift in Sources */,
				05685B9E2F6A8F9D004643FF /* 3_RaceCondition.swift in Sources */,
				05685BBE2F6AB68A004643FF /* KeyboardTopic.swift in Sources */,
				05B149892F7F931D00F00B04 /* 2_typedNav.swift in Sources */,
				055545602F72751F006086F5 /* 3_multipleDetents.swift in Sources */,
				056375442F71C17C001E7148 /* 3_customButtonStyle.swift in Sources */,
				054ED8D62F7119D4003BA047 /* 4_weightscale.swift in Sources */,
				051C4A752F7D14420003C63A /* 1_stateBasics.swift in Sources */,
				05685B9F2F6A8F9D004643FF /* 4_Actor.swift in Sources */,
				05D8242D2F6B310600A81A2F /* MaskingTopic.swift in Sources */,
				05685BA02F6A8F9D004643FF /* 8_Sendable.swift in Sources */,
				051191982F6FEAB20089F2FF /* 17_ScopedAnimation.swift in Sources */,
				0546F0D22F817D9D0062C81B /* 6_TextPrivacy.swift in Sources */,
				055545682F7276DB006086F5 /* 7_fullScreenCover.swift in Sources */,
				05685BA12F6A8F9D004643FF /* SharedComponents.swift in Sources */,
				055545662F72766A006086F5 /* 6_customBackground.swift in Sources */,
				05685BB92F6AB052004643FF /* ConcurrencyTopic.swift in Sources */,
				0546F0C82F817C3A0062C81B /* 1_TextBasics.swift in Sources */,
				056375522F71C359001E7148 /* 10_buttonHaptic.swift in Sources */,
				05685BA32F6A8F9D004643FF /* LessonDetailView.swift in Sources */,
				05D8243F2F6B3C7700A81A2F /* 7_TextMask.swift in Sources */,
				0546F0CA2F817C4E0062C81B /* 2_TextFormatting.swift in Sources */,
				051191962F6FEA960089F2FF /* 15_Transaction.swift in Sources */,
				0518ADE32F6B1C2800BA2F73 /* BlendmodesTopic.swift in Sources */,
				0555455E2F7274C7006086F5 /* 2_detents.swift in Sources */,
				05685BA92F6A958B004643FF /* 7_Cancellation.swift in Sources */,
				05AED1212F80E75700E3C2BE /* 7_RowCustomization.swift in Sources */,
				058836652F82CF660041B682 /* 7_ViewThatFits.swift in Sources */,
			);
			runOnlyForDeploymentPostprocessing = 0;
		};
/* End PBXSourcesBuildPhase section */

/* Begin XCBuildConfiguration section */
		C80B1C3E2C6646FE002ED295 /* Debug */ = {
			isa = XCBuildConfiguration;
			buildSettings = {
				ALWAYS_SEARCH_USER_PATHS = NO;
				ASSETCATALOG_COMPILER_GENERATE_SWIFT_ASSET_SYMBOL_EXTENSIONS = YES;
				CLANG_ANALYZER_NONNULL = YES;
				CLANG_ANALYZER_NUMBER_OBJECT_CONVERSION = YES_AGGRESSIVE;
				CLANG_CXX_LANGUAGE_STANDARD = "gnu++20";
				CLANG_ENABLE_MODULES = YES;
				CLANG_ENABLE_OBJC_ARC = YES;
				CLANG_ENABLE_OBJC_WEAK = YES;
				CLANG_WARN_BLOCK_CAPTURE_AUTORELEASING = YES;
				CLANG_WARN_BOOL_CONVERSION = YES;
				CLANG_WARN_COMMA = YES;
				CLANG_WARN_CONSTANT_CONVERSION = YES;
				CLANG_WARN_DEPRECATED_OBJC_IMPLEMENTATIONS = YES;
				CLANG_WARN_DIRECT_OBJC_ISA_USAGE = YES_ERROR;
				CLANG_WARN_DOCUMENTATION_COMMENTS = YES;
				CLANG_WARN_EMPTY_BODY = YES;
				CLANG_WARN_ENUM_CONVERSION = YES;
				CLANG_WARN_INFINITE_RECURSION = YES;
				CLANG_WARN_INT_CONVERSION = YES;
				CLANG_WARN_NON_LITERAL_NULL_CONVERSION = YES;
				CLANG_WARN_OBJC_IMPLICIT_RETAIN_SELF = YES;
				CLANG_WARN_OBJC_LITERAL_CONVERSION = YES;
				CLANG_WARN_OBJC_ROOT_CLASS = YES_ERROR;
				CLANG_WARN_QUOTED_INCLUDE_IN_FRAMEWORK_HEADER = YES;
				CLANG_WARN_RANGE_LOOP_ANALYSIS = YES;
				CLANG_WARN_STRICT_PROTOTYPES = YES;
				CLANG_WARN_SUSPICIOUS_MOVE = YES;
				CLANG_WARN_UNGUARDED_AVAILABILITY = YES_AGGRESSIVE;
				CLANG_WARN_UNREACHABLE_CODE = YES;
				CLANG_WARN__DUPLICATE_METHOD_MATCH = YES;
				COPY_PHASE_STRIP = NO;
				DEBUG_INFORMATION_FORMAT = dwarf;
				ENABLE_STRICT_OBJC_MSGSEND = YES;
				ENABLE_TESTABILITY = YES;
				ENABLE_USER_SCRIPT_SANDBOXING = YES;
				GCC_C_LANGUAGE_STANDARD = gnu11;
				GCC_DYNAMIC_NO_PIC = NO;
				GCC_NO_COMMON_BLOCKS = YES;
				GCC_OPTIMIZATION_LEVEL = 0;
				GCC_PREPROCESSOR_DEFINITIONS = (
					"DEBUG=1",
					"$(inherited)",
				);
				GCC_WARN_64_TO_32_BIT_CONVERSION = YES;
				GCC_WARN_ABOUT_RETURN_TYPE = YES_ERROR;
				GCC_WARN_UNDECLARED_SELECTOR = YES;
				GCC_WARN_UNINITIALIZED_AUTOS = YES_AGGRESSIVE;
				GCC_WARN_UNUSED_FUNCTION = YES;
				GCC_WARN_UNUSED_VARIABLE = YES;
				IPHONEOS_DEPLOYMENT_TARGET = 16.2;
				MTL_ENABLE_DEBUG_INFO = INCLUDE_SOURCE;
				MTL_FAST_MATH = YES;
				ONLY_ACTIVE_ARCH = YES;
				SDKROOT = iphoneos;
				STRING_CATALOG_GENERATE_SYMBOLS = YES;
				SWIFT_ACTIVE_COMPILATION_CONDITIONS = DEBUG;
				SWIFT_OPTIMIZATION_LEVEL = "-Onone";
			};
			name = Debug;
		};
		C80B1C3F2C6646FE002ED295 /* Release */ = {
			isa = XCBuildConfiguration;
			buildSettings = {
				ALWAYS_SEARCH_USER_PATHS = NO;
				ASSETCATALOG_COMPILER_GENERATE_SWIFT_ASSET_SYMBOL_EXTENSIONS = YES;
				CLANG_ANALYZER_NONNULL = YES;
				CLANG_ANALYZER_NUMBER_OBJECT_CONVERSION = YES_AGGRESSIVE;
				CLANG_CXX_LANGUAGE_STANDARD = "gnu++20";
				CLANG_ENABLE_MODULES = YES;
				CLANG_ENABLE_OBJC_ARC = YES;
				CLANG_ENABLE_OBJC_WEAK = YES;
				CLANG_WARN_BLOCK_CAPTURE_AUTORELEASING = YES;
				CLANG_WARN_BOOL_CONVERSION = YES;
				CLANG_WARN_COMMA = YES;
				CLANG_WARN_CONSTANT_CONVERSION = YES;
				CLANG_WARN_DEPRECATED_OBJC_IMPLEMENTATIONS = YES;
				CLANG_WARN_DIRECT_OBJC_ISA_USAGE = YES_ERROR;
				CLANG_WARN_DOCUMENTATION_COMMENTS = YES;
				CLANG_WARN_EMPTY_BODY = YES;
				CLANG_WARN_ENUM_CONVERSION = YES;
				CLANG_WARN_INFINITE_RECURSION = YES;
				CLANG_WARN_INT_CONVERSION = YES;
				CLANG_WARN_NON_LITERAL_NULL_CONVERSION = YES;
				CLANG_WARN_OBJC_IMPLICIT_RETAIN_SELF = YES;
				CLANG_WARN_OBJC_LITERAL_CONVERSION = YES;
				CLANG_WARN_OBJC_ROOT_CLASS = YES_ERROR;
				CLANG_WARN_QUOTED_INCLUDE_IN_FRAMEWORK_HEADER = YES;
				CLANG_WARN_RANGE_LOOP_ANALYSIS = YES;
				CLANG_WARN_STRICT_PROTOTYPES = YES;
				CLANG_WARN_SUSPICIOUS_MOVE = YES;
				CLANG_WARN_UNGUARDED_AVAILABILITY = YES_AGGRESSIVE;
				CLANG_WARN_UNREACHABLE_CODE = YES;
				CLANG_WARN__DUPLICATE_METHOD_MATCH = YES;
				COPY_PHASE_STRIP = NO;
				DEBUG_INFORMATION_FORMAT = "dwarf-with-dsym";
				ENABLE_NS_ASSERTIONS = NO;
				ENABLE_STRICT_OBJC_MSGSEND = YES;
				ENABLE_USER_SCRIPT_SANDBOXING = YES;
				GCC_C_LANGUAGE_STANDARD = gnu11;
				GCC_NO_COMMON_BLOCKS = YES;
				GCC_WARN_64_TO_32_BIT_CONVERSION = YES;
				GCC_WARN_ABOUT_RETURN_TYPE = YES_ERROR;
				GCC_WARN_UNDECLARED_SELECTOR = YES;
				GCC_WARN_UNINITIALIZED_AUTOS = YES_AGGRESSIVE;
				GCC_WARN_UNUSED_FUNCTION = YES;
				GCC_WARN_UNUSED_VARIABLE = YES;
				IPHONEOS_DEPLOYMENT_TARGET = 16.2;
				MTL_ENABLE_DEBUG_INFO = NO;
				MTL_FAST_MATH = YES;
				SDKROOT = iphoneos;
				STRING_CATALOG_GENERATE_SYMBOLS = YES;
				SWIFT_COMPILATION_MODE = wholemodule;
				SWIFT_OPTIMIZATION_LEVEL = "-O";
				VALIDATE_PRODUCT = YES;
			};
			name = Release;
		};
		C80B1C412C6646FE002ED295 /* Debug */ = {
			isa = XCBuildConfiguration;
			buildSettings = {
				ASSETCATALOG_COMPILER_APPICON_NAME = AppIcon;
				ASSETCATALOG_COMPILER_GLOBAL_ACCENT_COLOR_NAME = AccentColor;
				CODE_SIGN_STYLE = Automatic;
				CURRENT_PROJECT_VERSION = 1;
				DEVELOPMENT_ASSET_PATHS = "\"SwiftUI Topics/Preview Content\"";
				ENABLE_PREVIEWS = YES;
				GENERATE_INFOPLIST_FILE = YES;
				INFOPLIST_FILE = "SwiftUI-Topics-Info.plist";
				INFOPLIST_KEY_CFBundleDisplayName = ShowUI;
				INFOPLIST_KEY_LSApplicationCategoryType = "";
				INFOPLIST_KEY_NSLocationWhenInUseUsageDescription = "We use your location to show you and your friends on the map.";
				INFOPLIST_KEY_UIApplicationSceneManifest_Generation = YES;
				INFOPLIST_KEY_UIApplicationSupportsIndirectInputEvents = YES;
				INFOPLIST_KEY_UILaunchScreen_Generation = YES;
				INFOPLIST_KEY_UISupportedInterfaceOrientations = UIInterfaceOrientationPortrait;
				IPHONEOS_DEPLOYMENT_TARGET = 17.6;
				LD_RUNPATH_SEARCH_PATHS = (
					"$(inherited)",
					"@executable_path/Frameworks",
				);
				MARKETING_VERSION = 1.0;
				PRODUCT_BUNDLE_IDENTIFIER = "com.csprasad.SwiftUI-Topics";
				PRODUCT_NAME = "$(TARGET_NAME)";
				SWIFT_EMIT_LOC_STRINGS = YES;
				SWIFT_VERSION = 5.0;
				TARGETED_DEVICE_FAMILY = "1,2";
			};
			name = Debug;
		};
		C80B1C422C6646FE002ED295 /* Release */ = {
			isa = XCBuildConfiguration;
			buildSettings = {
				ASSETCATALOG_COMPILER_APPICON_NAME = AppIcon;
				ASSETCATALOG_COMPILER_GLOBAL_ACCENT_COLOR_NAME = AccentColor;
				CODE_SIGN_STYLE = Automatic;
				CURRENT_PROJECT_VERSION = 1;
				DEVELOPMENT_ASSET_PATHS = "\"SwiftUI Topics/Preview Content\"";
				ENABLE_PREVIEWS = YES;
				GENERATE_INFOPLIST_FILE = YES;
				INFOPLIST_FILE = "SwiftUI-Topics-Info.plist";
				INFOPLIST_KEY_CFBundleDisplayName = ShowUI;
				INFOPLIST_KEY_LSApplicationCategoryType = "";
				INFOPLIST_KEY_NSLocationWhenInUseUsageDescription = "We use your location to show you and your friends on the map.";
				INFOPLIST_KEY_UIApplicationSceneManifest_Generation = YES;
				INFOPLIST_KEY_UIApplicationSupportsIndirectInputEvents = YES;
				INFOPLIST_KEY_UILaunchScreen_Generation = YES;
				INFOPLIST_KEY_UISupportedInterfaceOrientations = UIInterfaceOrientationPortrait;
				IPHONEOS_DEPLOYMENT_TARGET = 17.6;
				LD_RUNPATH_SEARCH_PATHS = (
					"$(inherited)",
					"@executable_path/Frameworks",
				);
				MARKETING_VERSION = 1.0;
				PRODUCT_BUNDLE_IDENTIFIER = "com.csprasad.SwiftUI-Topics";
				PRODUCT_NAME = "$(TARGET_NAME)";
				SWIFT_EMIT_LOC_STRINGS = YES;
				SWIFT_VERSION = 5.0;
				TARGETED_DEVICE_FAMILY = "1,2";
			};
			name = Release;
		};
/* End XCBuildConfiguration section */

/* Begin XCConfigurationList section */
		C80B1C2D2C6646FA002ED295 /* Build configuration list for PBXProject "SwiftUI Topics" */ = {
			isa = XCConfigurationList;
			buildConfigurations = (
				C80B1C3E2C6646FE002ED295 /* Debug */,
				C80B1C3F2C6646FE002ED295 /* Release */,
			);
			defaultConfigurationIsVisible = 0;
			defaultConfigurationName = Release;
		};
		C80B1C402C6646FE002ED295 /* Build configuration list for PBXNativeTarget "SwiftUI Topics" */ = {
			isa = XCConfigurationList;
			buildConfigurations = (
				C80B1C412C6646FE002ED295 /* Debug */,
				C80B1C422C6646FE002ED295 /* Release */,
			);
			defaultConfigurationIsVisible = 0;
			defaultConfigurationName = Release;
		};
/* End XCConfigurationList section */
	};
	rootObject = C80B1C2A2C6646FA002ED295 /* Project object */;
}
