// !$*UTF8*$!
{
	archiveVersion = 1;
	classes = {
	};
	objectVersion = 56;
	objects = {

/* Begin PBXBuildFile section */
		0518ADE32F6B1C2800BA2F73 /* BlendmodesTopic.swift in Sources */ = {isa = PBXBuildFile; fileRef = 0518ADE22F6B1C2600BA2F73 /* BlendmodesTopic.swift */; };
		0518ADE52F6B1D2400BA2F73 /* 1_blendintro.swift in Sources */ = {isa = PBXBuildFile; fileRef = 0518ADE42F6B1D1D00BA2F73 /* 1_blendintro.swift */; };
		0518ADE72F6B1D4300BA2F73 /* Blendcategoryvisual.swift in Sources */ = {isa = PBXBuildFile; fileRef = 0518ADE62F6B1D4200BA2F73 /* Blendcategoryvisual.swift */; };
		0518ADEB2F6B2A6900BA2F73 /* CodeBlock.swift in Sources */ = {isa = PBXBuildFile; fileRef = 0518ADEA2F6B2A6700BA2F73 /* CodeBlock.swift */; };
		051FDFBA2F47324A0013F19E /* Color+Hex.swift in Sources */ = {isa = PBXBuildFile; fileRef = 051FDFB92F47323B0013F19E /* Color+Hex.swift */; };
		0533ED0C2F2A126700732511 /* MaskingView.swift in Sources */ = {isa = PBXBuildFile; fileRef = 0533ED0B2F2A126400732511 /* MaskingView.swift */; };
		05685B772F6A74B5004643FF /* Lesson.swift in Sources */ = {isa = PBXBuildFile; fileRef = 05685B752F6A74B4004643FF /* Lesson.swift */; };
		05685B9C2F6A8F9D004643FF /* 1_Sequential.swift in Sources */ = {isa = PBXBuildFile; fileRef = 05685B902F6A8F9D004643FF /* 1_Sequential.swift */; };
		05685B9D2F6A8F9D004643FF /* 2_Concurrent.swift in Sources */ = {isa = PBXBuildFile; fileRef = 05685B912F6A8F9D004643FF /* 2_Concurrent.swift */; };
		05685B9E2F6A8F9D004643FF /* 3_RaceCondition.swift in Sources */ = {isa = PBXBuildFile; fileRef = 05685B922F6A8F9D004643FF /* 3_RaceCondition.swift */; };
		05685B9F2F6A8F9D004643FF /* 4_Actor.swift in Sources */ = {isa = PBXBuildFile; fileRef = 05685B932F6A8F9D004643FF /* 4_Actor.swift */; };
		05685BA02F6A8F9D004643FF /* 8_Sendable.swift in Sources */ = {isa = PBXBuildFile; fileRef = 05685B942F6A8F9D004643FF /* 8_Sendable.swift */; };
		05685BA12F6A8F9D004643FF /* SharedComponents.swift in Sources */ = {isa = PBXBuildFile; fileRef = 05685B962F6A8F9D004643FF /* SharedComponents.swift */; };
		05685BA32F6A8F9D004643FF /* LessonDetailView.swift in Sources */ = {isa = PBXBuildFile; fileRef = 05685B992F6A8F9D004643FF /* LessonDetailView.swift */; };
		05685BA52F6A9518004643FF /* 5_AsyncLet.swift in Sources */ = {isa = PBXBuildFile; fileRef = 05685BA42F6A950E004643FF /* 5_AsyncLet.swift */; };
		05685BA72F6A954C004643FF /* 6_TaskGroup.swift in Sources */ = {isa = PBXBuildFile; fileRef = 05685BA62F6A9545004643FF /* 6_TaskGroup.swift */; };
		05685BA92F6A958B004643FF /* 7_Cancellation.swift in Sources */ = {isa = PBXBuildFile; fileRef = 05685BA82F6A958B004643FF /* 7_Cancellation.swift */; };
		05685BAF2F6AAF00004643FF /* Protocol.swift in Sources */ = {isa = PBXBuildFile; fileRef = 05685BAE2F6AAEFB004643FF /* Protocol.swift */; };
		05685BB12F6AAF1A004643FF /* TopicRegistry.swift in Sources */ = {isa = PBXBuildFile; fileRef = 05685BB02F6AAF19004643FF /* TopicRegistry.swift */; };
		05685BB32F6AAF3D004643FF /* View+extensions.swift in Sources */ = {isa = PBXBuildFile; fileRef = 05685BB22F6AAF3C004643FF /* View+extensions.swift */; };
		05685BB52F6AAF9C004643FF /* HomeView.swift in Sources */ = {isa = PBXBuildFile; fileRef = 05685BB42F6AAF98004643FF /* HomeView.swift */; };
		05685BB72F6AAFD1004643FF /* TopicDetailView.swift in Sources */ = {isa = PBXBuildFile; fileRef = 05685BB62F6AAFD1004643FF /* TopicDetailView.swift */; };
		05685BB92F6AB052004643FF /* ConcurrencyTopic.swift in Sources */ = {isa = PBXBuildFile; fileRef = 05685BB82F6AB050004643FF /* ConcurrencyTopic.swift */; };
		05685BBB2F6AB0AD004643FF /* PlaceHolderTopic.swift in Sources */ = {isa = PBXBuildFile; fileRef = 05685BBA2F6AB0A8004643FF /* PlaceHolderTopic.swift */; };
		05685BBE2F6AB68A004643FF /* KeyboardTopic.swift in Sources */ = {isa = PBXBuildFile; fileRef = 05685BBD2F6AB688004643FF /* KeyboardTopic.swift */; };
		05685BC02F6AB6B9004643FF /* 1_keyboardtypes.swift in Sources */ = {isa = PBXBuildFile; fileRef = 05685BBF2F6AB6A6004643FF /* 1_keyboardtypes.swift */; };
		05685BC22F6AB6EE004643FF /* 2_focusmanagement.swift in Sources */ = {isa = PBXBuildFile; fileRef = 05685BC12F6AB6EB004643FF /* 2_focusmanagement.swift */; };
		05685BC42F6AB71C004643FF /* 3_keyboardavoidance.swift in Sources */ = {isa = PBXBuildFile; fileRef = 05685BC32F6AB718004643FF /* 3_keyboardavoidance.swift */; };
		05685BC62F6AB740004643FF /* 4_InputValidation.swift in Sources */ = {isa = PBXBuildFile; fileRef = 05685BC52F6AB740004643FF /* 4_InputValidation.swift */; };
		05685BC82F6AB771004643FF /* 5_KeyboardToolbar.swift in Sources */ = {isa = PBXBuildFile; fileRef = 05685BC72F6AB76B004643FF /* 5_KeyboardToolbar.swift */; };
		05685BCA2F6AB84A004643FF /* 6_ReturnKey.swift in Sources */ = {isa = PBXBuildFile; fileRef = 05685BC92F6AB846004643FF /* 6_ReturnKey.swift */; };
		056D91162F1E0C290005D7DC /* LikeButtons.swift in Sources */ = {isa = PBXBuildFile; fileRef = 056D91152F1E0C230005D7DC /* LikeButtons.swift */; };
		059799FE2F06587500905892 /* ProductionButtonShowcaseView.swift in Sources */ = {isa = PBXBuildFile; fileRef = 059799FD2F06586000905892 /* ProductionButtonShowcaseView.swift */; };
		05979A002F065A5200905892 /* ButtonStyles.swift in Sources */ = {isa = PBXBuildFile; fileRef = 059799FF2F065A4D00905892 /* ButtonStyles.swift */; };
		05979A022F065DD100905892 /* ButtonShowcaseView.swift in Sources */ = {isa = PBXBuildFile; fileRef = 05979A012F065DAE00905892 /* ButtonShowcaseView.swift */; };
		05F7E1ED2EE22F3D0070EE3A /* BottomSheet.swift in Sources */ = {isa = PBXBuildFile; fileRef = 05F7E1EC2EE22F2A0070EE3A /* BottomSheet.swift */; };
		C80B1C362C6646FA002ED295 /* SwiftUI_TopicsApp.swift in Sources */ = {isa = PBXBuildFile; fileRef = C80B1C352C6646FA002ED295 /* SwiftUI_TopicsApp.swift */; };
		C80B1C3A2C6646FE002ED295 /* Assets.xcassets in Resources */ = {isa = PBXBuildFile; fileRef = C80B1C392C6646FE002ED295 /* Assets.xcassets */; };
		C80B1C3D2C6646FE002ED295 /* Preview Assets.xcassets in Resources */ = {isa = PBXBuildFile; fileRef = C80B1C3C2C6646FE002ED295 /* Preview Assets.xcassets */; };
/* End PBXBuildFile section */

/* Begin PBXFileReference section */
		0516960B2EE1B1F60017DCC8 /* SwiftUI-Topics-Info.plist */ = {isa = PBXFileReference; lastKnownFileType = text.plist.xml; path = "SwiftUI-Topics-Info.plist"; sourceTree = "<group>"; };
		0518ADE22F6B1C2600BA2F73 /* BlendmodesTopic.swift */ = {isa = PBXFileReference; lastKnownFileType = sourcecode.swift; path = BlendmodesTopic.swift; sourceTree = "<group>"; };
		0518ADE42F6B1D1D00BA2F73 /* 1_blendintro.swift */ = {isa = PBXFileReference; lastKnownFileType = sourcecode.swift; path = 1_blendintro.swift; sourceTree = "<group>"; };
		0518ADE62F6B1D4200BA2F73 /* Blendcategoryvisual.swift */ = {isa = PBXFileReference; lastKnownFileType = sourcecode.swift; path = Blendcategoryvisual.swift; sourceTree = "<group>"; };
		0518ADEA2F6B2A6700BA2F73 /* CodeBlock.swift */ = {isa = PBXFileReference; lastKnownFileType = sourcecode.swift; path = CodeBlock.swift; sourceTree = "<group>"; };
		051FDFB92F47323B0013F19E /* Color+Hex.swift */ = {isa = PBXFileReference; lastKnownFileType = sourcecode.swift; path = "Color+Hex.swift"; sourceTree = "<group>"; };
		0533ED0B2F2A126400732511 /* MaskingView.swift */ = {isa = PBXFileReference; lastKnownFileType = sourcecode.swift; path = MaskingView.swift; sourceTree = "<group>"; };
		05685B752F6A74B4004643FF /* Lesson.swift */ = {isa = PBXFileReference; lastKnownFileType = sourcecode.swift; path = Lesson.swift; sourceTree = "<group>"; };
		05685B902F6A8F9D004643FF /* 1_Sequential.swift */ = {isa = PBXFileReference; lastKnownFileType = sourcecode.swift; path = 1_Sequential.swift; sourceTree = "<group>"; };
		05685B912F6A8F9D004643FF /* 2_Concurrent.swift */ = {isa = PBXFileReference; lastKnownFileType = sourcecode.swift; path = 2_Concurrent.swift; sourceTree = "<group>"; };
		05685B922F6A8F9D004643FF /* 3_RaceCondition.swift */ = {isa = PBXFileReference; lastKnownFileType = sourcecode.swift; path = 3_RaceCondition.swift; sourceTree = "<group>"; };
		05685B932F6A8F9D004643FF /* 4_Actor.swift */ = {isa = PBXFileReference; lastKnownFileType = sourcecode.swift; path = 4_Actor.swift; sourceTree = "<group>"; };
		05685B942F6A8F9D004643FF /* 8_Sendable.swift */ = {isa = PBXFileReference; lastKnownFileType = sourcecode.swift; path = 8_Sendable.swift; sourceTree = "<group>"; };
		05685B962F6A8F9D004643FF /* SharedComponents.swift */ = {isa = PBXFileReference; lastKnownFileType = sourcecode.swift; path = SharedComponents.swift; sourceTree = "<group>"; };
		05685B992F6A8F9D004643FF /* LessonDetailView.swift */ = {isa = PBXFileReference; lastKnownFileType = sourcecode.swift; path = LessonDetailView.swift; sourceTree = "<group>"; };
		05685BA42F6A950E004643FF /* 5_AsyncLet.swift */ = {isa = PBXFileReference; lastKnownFileType = sourcecode.swift; path = 5_AsyncLet.swift; sourceTree = "<group>"; };
		05685BA62F6A9545004643FF /* 6_TaskGroup.swift */ = {isa = PBXFileReference; lastKnownFileType = sourcecode.swift; path = 6_TaskGroup.swift; sourceTree = "<group>"; };
		05685BA82F6A958B004643FF /* 7_Cancellation.swift */ = {isa = PBXFileReference; lastKnownFileType = sourcecode.swift; path = 7_Cancellation.swift; sourceTree = "<group>"; };
		05685BAE2F6AAEFB004643FF /* Protocol.swift */ = {isa = PBXFileReference; lastKnownFileType = sourcecode.swift; path = Protocol.swift; sourceTree = "<group>"; };
		05685BB02F6AAF19004643FF /* TopicRegistry.swift */ = {isa = PBXFileReference; lastKnownFileType = sourcecode.swift; path = TopicRegistry.swift; sourceTree = "<group>"; };
		05685BB22F6AAF3C004643FF /* View+extensions.swift */ = {isa = PBXFileReference; lastKnownFileType = sourcecode.swift; path = "View+extensions.swift"; sourceTree = "<group>"; };
		05685BB42F6AAF98004643FF /* HomeView.swift */ = {isa = PBXFileReference; lastKnownFileType = sourcecode.swift; path = HomeView.swift; sourceTree = "<group>"; };
		05685BB62F6AAFD1004643FF /* TopicDetailView.swift */ = {isa = PBXFileReference; lastKnownFileType = sourcecode.swift; path = TopicDetailView.swift; sourceTree = "<group>"; };
		05685BB82F6AB050004643FF /* ConcurrencyTopic.swift */ = {isa = PBXFileReference; lastKnownFileType = sourcecode.swift; path = ConcurrencyTopic.swift; sourceTree = "<group>"; };
		05685BBA2F6AB0A8004643FF /* PlaceHolderTopic.swift */ = {isa = PBXFileReference; lastKnownFileType = sourcecode.swift; path = PlaceHolderTopic.swift; sourceTree = "<group>"; };
		05685BBD2F6AB688004643FF /* KeyboardTopic.swift */ = {isa = PBXFileReference; lastKnownFileType = sourcecode.swift; path = KeyboardTopic.swift; sourceTree = "<group>"; };
		05685BBF2F6AB6A6004643FF /* 1_keyboardtypes.swift */ = {isa = PBXFileReference; lastKnownFileType = sourcecode.swift; path = 1_keyboardtypes.swift; sourceTree = "<group>"; };
		05685BC12F6AB6EB004643FF /* 2_focusmanagement.swift */ = {isa = PBXFileReference; lastKnownFileType = sourcecode.swift; path = 2_focusmanagement.swift; sourceTree = "<group>"; };
		05685BC32F6AB718004643FF /* 3_keyboardavoidance.swift */ = {isa = PBXFileReference; lastKnownFileType = sourcecode.swift; path = 3_keyboardavoidance.swift; sourceTree = "<group>"; };
		05685BC52F6AB740004643FF /* 4_InputValidation.swift */ = {isa = PBXFileReference; lastKnownFileType = sourcecode.swift; path = 4_InputValidation.swift; sourceTree = "<group>"; };
		05685BC72F6AB76B004643FF /* 5_KeyboardToolbar.swift */ = {isa = PBXFileReference; lastKnownFileType = sourcecode.swift; path = 5_KeyboardToolbar.swift; sourceTree = "<group>"; };
		05685BC92F6AB846004643FF /* 6_ReturnKey.swift */ = {isa = PBXFileReference; lastKnownFileType = sourcecode.swift; path = 6_ReturnKey.swift; sourceTree = "<group>"; };
		056D91152F1E0C230005D7DC /* LikeButtons.swift */ = {isa = PBXFileReference; lastKnownFileType = sourcecode.swift; path = LikeButtons.swift; sourceTree = "<group>"; };
		059799FD2F06586000905892 /* ProductionButtonShowcaseView.swift */ = {isa = PBXFileReference; lastKnownFileType = sourcecode.swift; path = ProductionButtonShowcaseView.swift; sourceTree = "<group>"; };
		059799FF2F065A4D00905892 /* ButtonStyles.swift */ = {isa = PBXFileReference; lastKnownFileType = sourcecode.swift; path = ButtonStyles.swift; sourceTree = "<group>"; };
		05979A012F065DAE00905892 /* ButtonShowcaseView.swift */ = {isa = PBXFileReference; lastKnownFileType = sourcecode.swift; path = ButtonShowcaseView.swift; sourceTree = "<group>"; };
		05F7E1EC2EE22F2A0070EE3A /* BottomSheet.swift */ = {isa = PBXFileReference; lastKnownFileType = sourcecode.swift; path = BottomSheet.swift; sourceTree = "<group>"; };
		C80B1C322C6646FA002ED295 /* SwiftUI Topics.app */ = {isa = PBXFileReference; explicitFileType = wrapper.application; includeInIndex = 0; path = "SwiftUI Topics.app"; sourceTree = BUILT_PRODUCTS_DIR; };
		C80B1C352C6646FA002ED295 /* SwiftUI_TopicsApp.swift */ = {isa = PBXFileReference; lastKnownFileType = sourcecode.swift; path = SwiftUI_TopicsApp.swift; sourceTree = "<group>"; };
		C80B1C392C6646FE002ED295 /* Assets.xcassets */ = {isa = PBXFileReference; lastKnownFileType = folder.assetcatalog; path = Assets.xcassets; sourceTree = "<group>"; };
		C80B1C3C2C6646FE002ED295 /* Preview Assets.xcassets */ = {isa = PBXFileReference; lastKnownFileType = folder.assetcatalog; path = "Preview Assets.xcassets"; sourceTree = "<group>"; };
/* End PBXFileReference section */

/* Begin PBXFrameworksBuildPhase section */
		C80B1C2F2C6646FA002ED295 /* Frameworks */ = {
			isa = PBXFrameworksBuildPhase;
			buildActionMask = 2147483647;
			files = (
			);
			runOnlyForDeploymentPostprocessing = 0;
		};
/* End PBXFrameworksBuildPhase section */

/* Begin PBXGroup section */
		051695FC2EE0A5A50017DCC8 /* App */ = {
			isa = PBXGroup;
			children = (
				C80B1C352C6646FA002ED295 /* SwiftUI_TopicsApp.swift */,
			);
			path = App;
			sourceTree = "<group>";
		};
		0518ADE12F6B1BFF00BA2F73 /* BlendModes Lessons */ = {
			isa = PBXGroup;
			children = (
				0518ADE22F6B1C2600BA2F73 /* BlendmodesTopic.swift */,
				0518ADE62F6B1D4200BA2F73 /* Blendcategoryvisual.swift */,
				0518ADE42F6B1D1D00BA2F73 /* 1_blendintro.swift */,
			);
			path = "BlendModes Lessons";
			sourceTree = "<group>";
		};
		051FDFB82F4732330013F19E /* Extensions */ = {
			isa = PBXGroup;
			children = (
				05685BB22F6AAF3C004643FF /* View+extensions.swift */,
				051FDFB92F47323B0013F19E /* Color+Hex.swift */,
			);
			path = Extensions;
			sourceTree = "<group>";
		};
		05685B8D2F6A8F60004643FF /* Models */ = {
			isa = PBXGroup;
			children = (
				05685BB02F6AAF19004643FF /* TopicRegistry.swift */,
				05685BAE2F6AAEFB004643FF /* Protocol.swift */,
				05685B752F6A74B4004643FF /* Lesson.swift */,
			);
			path = Models;
			sourceTree = "<group>";
		};
		05685B9B2F6A8F9D004643FF /* Concurrency Lessons */ = {
			isa = PBXGroup;
			children = (
				05685BB82F6AB050004643FF /* ConcurrencyTopic.swift */,
				05685B902F6A8F9D004643FF /* 1_Sequential.swift */,
				05685B912F6A8F9D004643FF /* 2_Concurrent.swift */,
				05685B922F6A8F9D004643FF /* 3_RaceCondition.swift */,
				05685B932F6A8F9D004643FF /* 4_Actor.swift */,
				05685BA42F6A950E004643FF /* 5_AsyncLet.swift */,
				05685BA62F6A9545004643FF /* 6_TaskGroup.swift */,
				05685BA82F6A958B004643FF /* 7_Cancellation.swift */,
				05685B942F6A8F9D004643FF /* 8_Sendable.swift */,
			);
			path = "Concurrency Lessons";
			sourceTree = "<group>";
		};
		05685BAC2F6AACC9004643FF /* Home */ = {
			isa = PBXGroup;
			children = (
				05685BB42F6AAF98004643FF /* HomeView.swift */,
			);
			path = Home;
			sourceTree = "<group>";
		};
		05685BAD2F6AACE6004643FF /* Components */ = {
			isa = PBXGroup;
			children = (
				0518ADEA2F6B2A6700BA2F73 /* CodeBlock.swift */,
				05685B962F6A8F9D004643FF /* SharedComponents.swift */,
			);
			path = Components;
			sourceTree = "<group>";
		};
		05685BBC2F6AB66A004643FF /* Keyboard Lessons */ = {
			isa = PBXGroup;
			children = (
				05685BBD2F6AB688004643FF /* KeyboardTopic.swift */,
				05685BC92F6AB846004643FF /* 6_ReturnKey.swift */,
				05685BC72F6AB76B004643FF /* 5_KeyboardToolbar.swift */,
				05685BC52F6AB740004643FF /* 4_InputValidation.swift */,
				05685BC32F6AB718004643FF /* 3_keyboardavoidance.swift */,
				05685BC12F6AB6EB004643FF /* 2_focusmanagement.swift */,
				05685BBF2F6AB6A6004643FF /* 1_keyboardtypes.swift */,
			);
			path = "Keyboard Lessons";
			sourceTree = "<group>";
		};
		059799FC2F06585800905892 /* Buttons */ = {
			isa = PBXGroup;
			children = (
				056D91152F1E0C230005D7DC /* LikeButtons.swift */,
				05979A012F065DAE00905892 /* ButtonShowcaseView.swift */,
				059799FF2F065A4D00905892 /* ButtonStyles.swift */,
				059799FD2F06586000905892 /* ProductionButtonShowcaseView.swift */,
			);
			path = Buttons;
			sourceTree = "<group>";
		};
		C80B1C292C6646FA002ED295 = {
			isa = PBXGroup;
			children = (
				0516960B2EE1B1F60017DCC8 /* SwiftUI-Topics-Info.plist */,
				C80B1C342C6646FA002ED295 /* SwiftUI Topics */,
				C80B1C332C6646FA002ED295 /* Products */,
			);
			sourceTree = "<group>";
		};
		C80B1C332C6646FA002ED295 /* Products */ = {
			isa = PBXGroup;
			children = (
				C80B1C322C6646FA002ED295 /* SwiftUI Topics.app */,
			);
			name = Products;
			sourceTree = "<group>";
		};
		C80B1C342C6646FA002ED295 /* SwiftUI Topics */ = {
			isa = PBXGroup;
			children = (
				051695FC2EE0A5A50017DCC8 /* App */,
				05685B8D2F6A8F60004643FF /* Models */,
				051FDFB82F4732330013F19E /* Extensions */,
				C80B1C432C664725002ED295 /* Views */,
				C8B046B22DBE3A330088D969 /* Resource */,
				C80B1C3B2C6646FE002ED295 /* Preview Content */,
			);
			path = "SwiftUI Topics";
			sourceTree = "<group>";
		};
		C80B1C3B2C6646FE002ED295 /* Preview Content */ = {
			isa = PBXGroup;
			children = (
				C80B1C3C2C6646FE002ED295 /* Preview Assets.xcassets */,
			);
			path = "Preview Content";
			sourceTree = "<group>";
		};
		C80B1C432C664725002ED295 /* Views */ = {
			isa = PBXGroup;
			children = (
				05685BAD2F6AACE6004643FF /* Components */,
				05685BAC2F6AACC9004643FF /* Home */,
				C8B046B12DBE39FA0088D969 /* Topics */,
			);
			path = Views;
			sourceTree = "<group>";
		};
		C8B046B12DBE39FA0088D969 /* Topics */ = {
			isa = PBXGroup;
			children = (
				0518ADE12F6B1BFF00BA2F73 /* BlendModes Lessons */,
				05685B9B2F6A8F9D004643FF /* Concurrency Lessons */,
				05685BBC2F6AB66A004643FF /* Keyboard Lessons */,
				05685BBA2F6AB0A8004643FF /* PlaceHolderTopic.swift */,
				05685BB62F6AAFD1004643FF /* TopicDetailView.swift */,
				05685B992F6A8F9D004643FF /* LessonDetailView.swift */,
				0533ED0B2F2A126400732511 /* MaskingView.swift */,
				059799FC2F06585800905892 /* Buttons */,
				05F7E1EC2EE22F2A0070EE3A /* BottomSheet.swift */,
			);
			path = Topics;
			sourceTree = "<group>";
		};
		C8B046B22DBE3A330088D969 /* Resource */ = {
			isa = PBXGroup;
			children = (
				C80B1C392C6646FE002ED295 /* Assets.xcassets */,
			);
			path = Resource;
			sourceTree = "<group>";
		};
/* End PBXGroup section */

/* Begin PBXNativeTarget section */
		C80B1C312C6646FA002ED295 /* SwiftUI Topics */ = {
			isa = PBXNativeTarget;
			buildConfigurationList = C80B1C402C6646FE002ED295 /* Build configuration list for PBXNativeTarget "SwiftUI Topics" */;
			buildPhases = (
				C80B1C2E2C6646FA002ED295 /* Sources */,
				C80B1C2F2C6646FA002ED295 /* Frameworks */,
				C80B1C302C6646FA002ED295 /* Resources */,
			);
			buildRules = (
			);
			dependencies = (
			);
			name = "SwiftUI Topics";
			productName = "SwiftUI Topics";
			productReference = C80B1C322C6646FA002ED295 /* SwiftUI Topics.app */;
			productType = "com.apple.product-type.application";
		};
/* End PBXNativeTarget section */

/* Begin PBXProject section */
		C80B1C2A2C6646FA002ED295 /* Project object */ = {
			isa = PBXProject;
			attributes = {
				BuildIndependentTargetsInParallel = 1;
				LastSwiftUpdateCheck = 1420;
				LastUpgradeCheck = 2610;
				TargetAttributes = {
					C80B1C312C6646FA002ED295 = {
						CreatedOnToolsVersion = 14.2;
					};
				};
			};
			buildConfigurationList = C80B1C2D2C6646FA002ED295 /* Build configuration list for PBXProject "SwiftUI Topics" */;
			compatibilityVersion = "Xcode 14.0";
			developmentRegion = en;
			hasScannedForEncodings = 0;
			knownRegions = (
				en,
				Base,
			);
			mainGroup = C80B1C292C6646FA002ED295;
			productRefGroup = C80B1C332C6646FA002ED295 /* Products */;
			projectDirPath = "";
			projectRoot = "";
			targets = (
				C80B1C312C6646FA002ED295 /* SwiftUI Topics */,
			);
		};
/* End PBXProject section */

/* Begin PBXResourcesBuildPhase section */
		C80B1C302C6646FA002ED295 /* Resources */ = {
			isa = PBXResourcesBuildPhase;
			buildActionMask = 2147483647;
			files = (
				C80B1C3D2C6646FE002ED295 /* Preview Assets.xcassets in Resources */,
				C80B1C3A2C6646FE002ED295 /* Assets.xcassets in Resources */,
			);
			runOnlyForDeploymentPostprocessing = 0;
		};
/* End PBXResourcesBuildPhase section */

/* Begin PBXSourcesBuildPhase section */
		C80B1C2E2C6646FA002ED295 /* Sources */ = {
			isa = PBXSourcesBuildPhase;
			buildActionMask = 2147483647;
			files = (
				05685B772F6A74B5004643FF /* Lesson.swift in Sources */,
				0533ED0C2F2A126700732511 /* MaskingView.swift in Sources */,
				0518ADE52F6B1D2400BA2F73 /* 1_blendintro.swift in Sources */,
				05685BC02F6AB6B9004643FF /* 1_keyboardtypes.swift in Sources */,
				05685BB52F6AAF9C004643FF /* HomeView.swift in Sources */,
				05685BB32F6AAF3D004643FF /* View+extensions.swift in Sources */,
				05979A022F065DD100905892 /* ButtonShowcaseView.swift in Sources */,
				05685BCA2F6AB84A004643FF /* 6_ReturnKey.swift in Sources */,
				05685BA72F6A954C004643FF /* 6_TaskGroup.swift in Sources */,
				05685BC62F6AB740004643FF /* 4_InputValidation.swift in Sources */,
				0518ADEB2F6B2A6900BA2F73 /* CodeBlock.swift in Sources */,
				05685BAF2F6AAF00004643FF /* Protocol.swift in Sources */,
				0518ADE72F6B1D4300BA2F73 /* Blendcategoryvisual.swift in Sources */,
				05685BB72F6AAFD1004643FF /* TopicDetailView.swift in Sources */,
				059799FE2F06587500905892 /* ProductionButtonShowcaseView.swift in Sources */,
				056D91162F1E0C290005D7DC /* LikeButtons.swift in Sources */,
				05685BC82F6AB771004643FF /* 5_KeyboardToolbar.swift in Sources */,
				C80B1C362C6646FA002ED295 /* SwiftUI_TopicsApp.swift in Sources */,
				051FDFBA2F47324A0013F19E /* Color+Hex.swift in Sources */,
				05685BC22F6AB6EE004643FF /* 2_focusmanagement.swift in Sources */,
				05685BA52F6A9518004643FF /* 5_AsyncLet.swift in Sources */,
				05685BC42F6AB71C004643FF /* 3_keyboardavoidance.swift in Sources */,
				05F7E1ED2EE22F3D0070EE3A /* BottomSheet.swift in Sources */,
				05979A002F065A5200905892 /* ButtonStyles.swift in Sources */,
				05685B9C2F6A8F9D004643FF /* 1_Sequential.swift in Sources */,
				05685B9D2F6A8F9D004643FF /* 2_Concurrent.swift in Sources */,
				05685BB12F6AAF1A004643FF /* TopicRegistry.swift in Sources */,
				05685B9E2F6A8F9D004643FF /* 3_RaceCondition.swift in Sources */,
				05685BBE2F6AB68A004643FF /* KeyboardTopic.swift in Sources */,
				05685B9F2F6A8F9D004643FF /* 4_Actor.swift in Sources */,
				05685BA02F6A8F9D004643FF /* 8_Sendable.swift in Sources */,
				05685BA12F6A8F9D004643FF /* SharedComponents.swift in Sources */,
				05685BB92F6AB052004643FF /* ConcurrencyTopic.swift in Sources */,
				05685BA32F6A8F9D004643FF /* LessonDetailView.swift in Sources */,
				05685BBB2F6AB0AD004643FF /* PlaceHolderTopic.swift in Sources */,
				0518ADE32F6B1C2800BA2F73 /* BlendmodesTopic.swift in Sources */,
				05685BA92F6A958B004643FF /* 7_Cancellation.swift in Sources */,
			);
			runOnlyForDeploymentPostprocessing = 0;
		};
/* End PBXSourcesBuildPhase section */

/* Begin XCBuildConfiguration section */
		C80B1C3E2C6646FE002ED295 /* Debug */ = {
			isa = XCBuildConfiguration;
			buildSettings = {
				ALWAYS_SEARCH_USER_PATHS = NO;
				ASSETCATALOG_COMPILER_GENERATE_SWIFT_ASSET_SYMBOL_EXTENSIONS = YES;
				CLANG_ANALYZER_NONNULL = YES;
				CLANG_ANALYZER_NUMBER_OBJECT_CONVERSION = YES_AGGRESSIVE;
				CLANG_CXX_LANGUAGE_STANDARD = "gnu++20";
				CLANG_ENABLE_MODULES = YES;
				CLANG_ENABLE_OBJC_ARC = YES;
				CLANG_ENABLE_OBJC_WEAK = YES;
				CLANG_WARN_BLOCK_CAPTURE_AUTORELEASING = YES;
				CLANG_WARN_BOOL_CONVERSION = YES;
				CLANG_WARN_COMMA = YES;
				CLANG_WARN_CONSTANT_CONVERSION = YES;
				CLANG_WARN_DEPRECATED_OBJC_IMPLEMENTATIONS = YES;
				CLANG_WARN_DIRECT_OBJC_ISA_USAGE = YES_ERROR;
				CLANG_WARN_DOCUMENTATION_COMMENTS = YES;
				CLANG_WARN_EMPTY_BODY = YES;
				CLANG_WARN_ENUM_CONVERSION = YES;
				CLANG_WARN_INFINITE_RECURSION = YES;
				CLANG_WARN_INT_CONVERSION = YES;
				CLANG_WARN_NON_LITERAL_NULL_CONVERSION = YES;
				CLANG_WARN_OBJC_IMPLICIT_RETAIN_SELF = YES;
				CLANG_WARN_OBJC_LITERAL_CONVERSION = YES;
				CLANG_WARN_OBJC_ROOT_CLASS = YES_ERROR;
				CLANG_WARN_QUOTED_INCLUDE_IN_FRAMEWORK_HEADER = YES;
				CLANG_WARN_RANGE_LOOP_ANALYSIS = YES;
				CLANG_WARN_STRICT_PROTOTYPES = YES;
				CLANG_WARN_SUSPICIOUS_MOVE = YES;
				CLANG_WARN_UNGUARDED_AVAILABILITY = YES_AGGRESSIVE;
				CLANG_WARN_UNREACHABLE_CODE = YES;
				CLANG_WARN__DUPLICATE_METHOD_MATCH = YES;
				COPY_PHASE_STRIP = NO;
				DEBUG_INFORMATION_FORMAT = dwarf;
				ENABLE_STRICT_OBJC_MSGSEND = YES;
				ENABLE_TESTABILITY = YES;
				ENABLE_USER_SCRIPT_SANDBOXING = YES;
				GCC_C_LANGUAGE_STANDARD = gnu11;
				GCC_DYNAMIC_NO_PIC = NO;
				GCC_NO_COMMON_BLOCKS = YES;
				GCC_OPTIMIZATION_LEVEL = 0;
				GCC_PREPROCESSOR_DEFINITIONS = (
					"DEBUG=1",
					"$(inherited)",
				);
				GCC_WARN_64_TO_32_BIT_CONVERSION = YES;
				GCC_WARN_ABOUT_RETURN_TYPE = YES_ERROR;
				GCC_WARN_UNDECLARED_SELECTOR = YES;
				GCC_WARN_UNINITIALIZED_AUTOS = YES_AGGRESSIVE;
				GCC_WARN_UNUSED_FUNCTION = YES;
				GCC_WARN_UNUSED_VARIABLE = YES;
				IPHONEOS_DEPLOYMENT_TARGET = 16.2;
				MTL_ENABLE_DEBUG_INFO = INCLUDE_SOURCE;
				MTL_FAST_MATH = YES;
				ONLY_ACTIVE_ARCH = YES;
				SDKROOT = iphoneos;
				STRING_CATALOG_GENERATE_SYMBOLS = YES;
				SWIFT_ACTIVE_COMPILATION_CONDITIONS = DEBUG;
				SWIFT_OPTIMIZATION_LEVEL = "-Onone";
			};
			name = Debug;
		};
		C80B1C3F2C6646FE002ED295 /* Release */ = {
			isa = XCBuildConfiguration;
			buildSettings = {
				ALWAYS_SEARCH_USER_PATHS = NO;
				ASSETCATALOG_COMPILER_GENERATE_SWIFT_ASSET_SYMBOL_EXTENSIONS = YES;
				CLANG_ANALYZER_NONNULL = YES;
				CLANG_ANALYZER_NUMBER_OBJECT_CONVERSION = YES_AGGRESSIVE;
				CLANG_CXX_LANGUAGE_STANDARD = "gnu++20";
				CLANG_ENABLE_MODULES = YES;
				CLANG_ENABLE_OBJC_ARC = YES;
				CLANG_ENABLE_OBJC_WEAK = YES;
				CLANG_WARN_BLOCK_CAPTURE_AUTORELEASING = YES;
				CLANG_WARN_BOOL_CONVERSION = YES;
				CLANG_WARN_COMMA = YES;
				CLANG_WARN_CONSTANT_CONVERSION = YES;
				CLANG_WARN_DEPRECATED_OBJC_IMPLEMENTATIONS = YES;
				CLANG_WARN_DIRECT_OBJC_ISA_USAGE = YES_ERROR;
				CLANG_WARN_DOCUMENTATION_COMMENTS = YES;
				CLANG_WARN_EMPTY_BODY = YES;
				CLANG_WARN_ENUM_CONVERSION = YES;
				CLANG_WARN_INFINITE_RECURSION = YES;
				CLANG_WARN_INT_CONVERSION = YES;
				CLANG_WARN_NON_LITERAL_NULL_CONVERSION = YES;
				CLANG_WARN_OBJC_IMPLICIT_RETAIN_SELF = YES;
				CLANG_WARN_OBJC_LITERAL_CONVERSION = YES;
				CLANG_WARN_OBJC_ROOT_CLASS = YES_ERROR;
				CLANG_WARN_QUOTED_INCLUDE_IN_FRAMEWORK_HEADER = YES;
				CLANG_WARN_RANGE_LOOP_ANALYSIS = YES;
				CLANG_WARN_STRICT_PROTOTYPES = YES;
				CLANG_WARN_SUSPICIOUS_MOVE = YES;
				CLANG_WARN_UNGUARDED_AVAILABILITY = YES_AGGRESSIVE;
				CLANG_WARN_UNREACHABLE_CODE = YES;
				CLANG_WARN__DUPLICATE_METHOD_MATCH = YES;
				COPY_PHASE_STRIP = NO;
				DEBUG_INFORMATION_FORMAT = "dwarf-with-dsym";
				ENABLE_NS_ASSERTIONS = NO;
				ENABLE_STRICT_OBJC_MSGSEND = YES;
				ENABLE_USER_SCRIPT_SANDBOXING = YES;
				GCC_C_LANGUAGE_STANDARD = gnu11;
				GCC_NO_COMMON_BLOCKS = YES;
				GCC_WARN_64_TO_32_BIT_CONVERSION = YES;
				GCC_WARN_ABOUT_RETURN_TYPE = YES_ERROR;
				GCC_WARN_UNDECLARED_SELECTOR = YES;
				GCC_WARN_UNINITIALIZED_AUTOS = YES_AGGRESSIVE;
				GCC_WARN_UNUSED_FUNCTION = YES;
				GCC_WARN_UNUSED_VARIABLE = YES;
				IPHONEOS_DEPLOYMENT_TARGET = 16.2;
				MTL_ENABLE_DEBUG_INFO = NO;
				MTL_FAST_MATH = YES;
				SDKROOT = iphoneos;
				STRING_CATALOG_GENERATE_SYMBOLS = YES;
				SWIFT_COMPILATION_MODE = wholemodule;
				SWIFT_OPTIMIZATION_LEVEL = "-O";
				VALIDATE_PRODUCT = YES;
			};
			name = Release;
		};
		C80B1C412C6646FE002ED295 /* Debug */ = {
			isa = XCBuildConfiguration;
			buildSettings = {
				ASSETCATALOG_COMPILER_APPICON_NAME = AppIcon;
				ASSETCATALOG_COMPILER_GLOBAL_ACCENT_COLOR_NAME = AccentColor;
				CODE_SIGN_STYLE = Automatic;
				CURRENT_PROJECT_VERSION = 1;
				DEVELOPMENT_ASSET_PATHS = "\"SwiftUI Topics/Preview Content\"";
				ENABLE_PREVIEWS = YES;
				GENERATE_INFOPLIST_FILE = YES;
				INFOPLIST_FILE = "SwiftUI-Topics-Info.plist";
				INFOPLIST_KEY_CFBundleDisplayName = ShowUI;
				INFOPLIST_KEY_LSApplicationCategoryType = "";
				INFOPLIST_KEY_NSLocationWhenInUseUsageDescription = "We use your location to show you and your friends on the map.";
				INFOPLIST_KEY_UIApplicationSceneManifest_Generation = YES;
				INFOPLIST_KEY_UIApplicationSupportsIndirectInputEvents = YES;
				INFOPLIST_KEY_UILaunchScreen_Generation = YES;
				INFOPLIST_KEY_UISupportedInterfaceOrientations = UIInterfaceOrientationPortrait;
				IPHONEOS_DEPLOYMENT_TARGET = 16.6;
				LD_RUNPATH_SEARCH_PATHS = (
					"$(inherited)",
					"@executable_path/Frameworks",
				);
				MARKETING_VERSION = 1.0;
				PRODUCT_BUNDLE_IDENTIFIER = "com.csprasad.SwiftUI-Topics";
				PRODUCT_NAME = "$(TARGET_NAME)";
				SWIFT_EMIT_LOC_STRINGS = YES;
				SWIFT_VERSION = 5.0;
				TARGETED_DEVICE_FAMILY = "1,2";
			};
			name = Debug;
		};
		C80B1C422C6646FE002ED295 /* Release */ = {
			isa = XCBuildConfiguration;
			buildSettings = {
				ASSETCATALOG_COMPILER_APPICON_NAME = AppIcon;
				ASSETCATALOG_COMPILER_GLOBAL_ACCENT_COLOR_NAME = AccentColor;
				CODE_SIGN_STYLE = Automatic;
				CURRENT_PROJECT_VERSION = 1;
				DEVELOPMENT_ASSET_PATHS = "\"SwiftUI Topics/Preview Content\"";
				ENABLE_PREVIEWS = YES;
				GENERATE_INFOPLIST_FILE = YES;
				INFOPLIST_FILE = "SwiftUI-Topics-Info.plist";
				INFOPLIST_KEY_CFBundleDisplayName = ShowUI;
				INFOPLIST_KEY_LSApplicationCategoryType = "";
				INFOPLIST_KEY_NSLocationWhenInUseUsageDescription = "We use your location to show you and your friends on the map.";
				INFOPLIST_KEY_UIApplicationSceneManifest_Generation = YES;
				INFOPLIST_KEY_UIApplicationSupportsIndirectInputEvents = YES;
				INFOPLIST_KEY_UILaunchScreen_Generation = YES;
				INFOPLIST_KEY_UISupportedInterfaceOrientations = UIInterfaceOrientationPortrait;
				IPHONEOS_DEPLOYMENT_TARGET = 16.6;
				LD_RUNPATH_SEARCH_PATHS = (
					"$(inherited)",
					"@executable_path/Frameworks",
				);
				MARKETING_VERSION = 1.0;
				PRODUCT_BUNDLE_IDENTIFIER = "com.csprasad.SwiftUI-Topics";
				PRODUCT_NAME = "$(TARGET_NAME)";
				SWIFT_EMIT_LOC_STRINGS = YES;
				SWIFT_VERSION = 5.0;
				TARGETED_DEVICE_FAMILY = "1,2";
			};
			name = Release;
		};
/* End XCBuildConfiguration section */

/* Begin XCConfigurationList section */
		C80B1C2D2C6646FA002ED295 /* Build configuration list for PBXProject "SwiftUI Topics" */ = {
			isa = XCConfigurationList;
			buildConfigurations = (
				C80B1C3E2C6646FE002ED295 /* Debug */,
				C80B1C3F2C6646FE002ED295 /* Release */,
			);
			defaultConfigurationIsVisible = 0;
			defaultConfigurationName = Release;
		};
		C80B1C402C6646FE002ED295 /* Build configuration list for PBXNativeTarget "SwiftUI Topics" */ = {
			isa = XCConfigurationList;
			buildConfigurations = (
				C80B1C412C6646FE002ED295 /* Debug */,
				C80B1C422C6646FE002ED295 /* Release */,
			);
			defaultConfigurationIsVisible = 0;
			defaultConfigurationName = Release;
		};
/* End XCConfigurationList section */
	};
	rootObject = C80B1C2A2C6646FA002ED295 /* Project object */;
}
